
Microsoft Visual Studio Solution File, Format Version 11.00
# Visual Studio 2010
Project("{FAE04EC0-301F-11D3-BF4B-00C04F79EFBC}") = "Working Order Generator", "Working Order Generator\Working Order Generator.csproj", "{A0181B68-1B4E-4091-B377-55269F8B5D06}"
EndProject
Project("{FAE04EC0-301F-11D3-BF4B-00C04F79EFBC}") = "Teraque.AssetNetwork.ClientDataModel", "..\Teraque.AssetNetwork.ClientDataModel\Teraque.AssetNetwork.ClientDataModel.csproj", "{6A5CE2EA-BD1D-49EC-A4C9-E97F947FD18E}"
EndProject
Project("{FAE04EC0-301F-11D3-BF4B-00C04F79EFBC}") = "Teraque", "..\..\Teraque\Teraque.csproj", "{158782BB-6CF6-4CBE-BB51-91ED82BC0ED8}"
EndProject
Project("{FAE04EC0-301F-11D3-BF4B-00C04F79EFBC}") = "Teraque.Server", "..\..\Teraque.Server\Teraque.Server.csproj", "{C5FD375F-B640-424D-BD14-04644746A516}"
EndProject
Project("{FAE04EC0-301F-11D3-BF4B-00C04F79EFBC}") = "Teraque.AssetNetwork", "..\Teraque.AssetNetwork\Teraque.AssetNetwork.csproj", "{3160E4F0-B199-4B8E-B206-71582E7E7041}"
EndProject
Project("{FAE04EC0-301F-11D3-BF4B-00C04F79EFBC}") = "Teraque.AssetNetwork.WebClient", "..\Teraque.AssetNetwork.WebClient\Teraque.AssetNetwork.WebClient.csproj", "{33003E38-EFED-467B-8A77-77BAAE2994BD}"
EndProject
Project("{2150E333-8FDC-42A3-9474-1A3956D46DE8}") = "Solution Items", "Solution Items", "{4ECABE01-155B-4978-B950-255A9B4A6206}"
	ProjectSection(SolutionItems) = preProject
		Verify Off.ps1 = Verify Off.ps1
	EndProjectSection
EndProject
Project("{FAE04EC0-301F-11D3-BF4B-00C04F79EFBC}") = "Teraque.Message", "..\..\Teraque.Message\Teraque.Message.csproj", "{FE639B3B-DA4B-46B0-94DB-F5BC157301C4}"
EndProject
Project("{FAE04EC0-301F-11D3-BF4B-00C04F79EFBC}") = "Teraque.AssetNetwork.Windows", "..\Teraque.AssetNetwork.Windows\Teraque.AssetNetwork.Windows.csproj", "{D29B7A66-FD2D-41C0-BFE1-4DE7881C0BB7}"
EndProject
Project("{FAE04EC0-301F-11D3-BF4B-00C04F79EFBC}") = "Teraque.PresentationFramework", "..\..\Teraque.PresentationFramework\Teraque.PresentationFramework.csproj", "{0404F2B3-5EE8-45BE-91F5-8569DE1315C8}"
EndProject
Global
	GlobalSection(TeamFoundationVersionControl) = preSolution
		SccNumberOfProjects = 10
		SccEnterpriseProvider = {4CA58AB2-18FA-4F8D-95D4-32DDF27D184C}
		SccTeamFoundationServer = http://viola:8080/tfs/defaultcollection
		SccProjectUniqueName0 = ..\\Teraque.AssetNetwork.ClientDataModel\\Teraque.AssetNetwork.ClientDataModel.csproj
		SccProjectName0 = ../Teraque.AssetNetwork.ClientDataModel
		SccLocalPath0 = ..\\Teraque.AssetNetwork.ClientDataModel
		SccProjectUniqueName1 = ..\\..\\Teraque\\Teraque.csproj
		SccProjectName1 = ../../Teraque
		SccLocalPath1 = ..\\..\\Teraque
		SccProjectUniqueName2 = ..\\..\\Teraque.Server\\Teraque.Server.csproj
		SccProjectName2 = ../../Teraque.Server
		SccLocalPath2 = ..\\..\\Teraque.Server
		SccProjectUniqueName3 = ..\\Teraque.AssetNetwork\\Teraque.AssetNetwork.csproj
		SccProjectName3 = ../Teraque.AssetNetwork
		SccLocalPath3 = ..\\Teraque.AssetNetwork
		SccProjectUniqueName4 = ..\\Teraque.AssetNetwork.WebClient\\Teraque.AssetNetwork.WebClient.csproj
		SccProjectName4 = ../Teraque.AssetNetwork.WebClient
		SccLocalPath4 = ..\\Teraque.AssetNetwork.WebClient
		SccProjectUniqueName5 = ..\\..\\Teraque.Message\\Teraque.Message.csproj
		SccProjectName5 = ../../Teraque.Message
		SccLocalPath5 = ..\\..\\Teraque.Message
		SccProjectUniqueName6 = ..\\Teraque.AssetNetwork.Windows\\Teraque.AssetNetwork.Windows.csproj
		SccProjectName6 = ../Teraque.AssetNetwork.Windows
		SccLocalPath6 = ..\\Teraque.AssetNetwork.Windows
		SccProjectUniqueName7 = ..\\..\\Teraque.PresentationFramework\\Teraque.PresentationFramework.csproj
		SccProjectName7 = ../../Teraque.PresentationFramework
		SccLocalPath7 = ..\\..\\Teraque.PresentationFramework
		SccLocalPath8 = .
		SccProjectUniqueName9 = Working\u0020Order\u0020Generator\\Working\u0020Order\u0020Generator.csproj
		SccProjectName9 = Working\u0020Order\u0020Generator
		SccLocalPath9 = Working\u0020Order\u0020Generator
	EndGlobalSection
	GlobalSection(SolutionConfigurationPlatforms) = preSolution
		Debug|Any CPU = Debug|Any CPU
		Debug|Mixed Platforms = Debug|Mixed Platforms
		Debug|x86 = Debug|x86
		Demonstration|Any CPU = Demonstration|Any CPU
		Demonstration|Mixed Platforms = Demonstration|Mixed Platforms
		Demonstration|x86 = Demonstration|x86
		Evaluation|Any CPU = Evaluation|Any CPU
		Evaluation|Mixed Platforms = Evaluation|Mixed Platforms
		Evaluation|x86 = Evaluation|x86
		Release Demo|Any CPU = Release Demo|Any CPU
		Release Demo|Mixed Platforms = Release Demo|Mixed Platforms
		Release Demo|x86 = Release Demo|x86
		Release|Any CPU = Release|Any CPU
		Release|Mixed Platforms = Release|Mixed Platforms
		Release|x86 = Release|x86
	EndGlobalSection
	GlobalSection(ProjectConfigurationPlatforms) = postSolution
		{A0181B68-1B4E-4091-B377-55269F8B5D06}.Debug|Any CPU.ActiveCfg = Debug|x86
		{A0181B68-1B4E-4091-B377-55269F8B5D06}.Debug|Mixed Platforms.ActiveCfg = Debug|x86
		{A0181B68-1B4E-4091-B377-55269F8B5D06}.Debug|Mixed Platforms.Build.0 = Debug|x86
		{A0181B68-1B4E-4091-B377-55269F8B5D06}.Debug|x86.ActiveCfg = Debug|x86
		{A0181B68-1B4E-4091-B377-55269F8B5D06}.Debug|x86.Build.0 = Debug|x86
		{A0181B68-1B4E-4091-B377-55269F8B5D06}.Demonstration|Any CPU.ActiveCfg = Debug|x86
		{A0181B68-1B4E-4091-B377-55269F8B5D06}.Demonstration|Mixed Platforms.ActiveCfg = Debug|x86
		{A0181B68-1B4E-4091-B377-55269F8B5D06}.Demonstration|Mixed Platforms.Build.0 = Debug|x86
		{A0181B68-1B4E-4091-B377-55269F8B5D06}.Demonstration|x86.ActiveCfg = Debug|x86
		{A0181B68-1B4E-4091-B377-55269F8B5D06}.Demonstration|x86.Build.0 = Debug|x86
		{A0181B68-1B4E-4091-B377-55269F8B5D06}.Evaluation|Any CPU.ActiveCfg = Release|x86
		{A0181B68-1B4E-4091-B377-55269F8B5D06}.Evaluation|Mixed Platforms.ActiveCfg = Release|x86
		{A0181B68-1B4E-4091-B377-55269F8B5D06}.Evaluation|Mixed Platforms.Build.0 = Release|x86
		{A0181B68-1B4E-4091-B377-55269F8B5D06}.Evaluation|x86.ActiveCfg = Release|x86
		{A0181B68-1B4E-4091-B377-55269F8B5D06}.Evaluation|x86.Build.0 = Release|x86
		{A0181B68-1B4E-4091-B377-55269F8B5D06}.Release Demo|Any CPU.ActiveCfg = Release|x86
		{A0181B68-1B4E-4091-B377-55269F8B5D06}.Release Demo|Mixed Platforms.ActiveCfg = Release|x86
		{A0181B68-1B4E-4091-B377-55269F8B5D06}.Release Demo|Mixed Platforms.Build.0 = Release|x86
		{A0181B68-1B4E-4091-B377-55269F8B5D06}.Release Demo|x86.ActiveCfg = Release|x86
		{A0181B68-1B4E-4091-B377-55269F8B5D06}.Release Demo|x86.Build.0 = Release|x86
		{A0181B68-1B4E-4091-B377-55269F8B5D06}.Release|Any CPU.ActiveCfg = Release|x86
		{A0181B68-1B4E-4091-B377-55269F8B5D06}.Release|Mixed Platforms.ActiveCfg = Release|x86
		{A0181B68-1B4E-4091-B377-55269F8B5D06}.Release|Mixed Platforms.Build.0 = Release|x86
		{A0181B68-1B4E-4091-B377-55269F8B5D06}.Release|x86.ActiveCfg = Release|x86
		{A0181B68-1B4E-4091-B377-55269F8B5D06}.Release|x86.Build.0 = Release|x86
		{6A5CE2EA-BD1D-49EC-A4C9-E97F947FD18E}.Debug|Any CPU.ActiveCfg = Debug|Any CPU
		{6A5CE2EA-BD1D-49EC-A4C9-E97F947FD18E}.Debug|Any CPU.Build.0 = Debug|Any CPU
		{6A5CE2EA-BD1D-49EC-A4C9-E97F947FD18E}.Debug|Mixed Platforms.ActiveCfg = Debug|Any CPU
		{6A5CE2EA-BD1D-49EC-A4C9-E97F947FD18E}.Debug|Mixed Platforms.Build.0 = Debug|Any CPU
		{6A5CE2EA-BD1D-49EC-A4C9-E97F947FD18E}.Debug|x86.ActiveCfg = Debug|Any CPU
		{6A5CE2EA-BD1D-49EC-A4C9-E97F947FD18E}.Demonstration|Any CPU.ActiveCfg = Debug|Any CPU
		{6A5CE2EA-BD1D-49EC-A4C9-E97F947FD18E}.Demonstration|Any CPU.Build.0 = Debug|Any CPU
		{6A5CE2EA-BD1D-49EC-A4C9-E97F947FD18E}.Demonstration|Mixed Platforms.ActiveCfg = Debug|Any CPU
		{6A5CE2EA-BD1D-49EC-A4C9-E97F947FD18E}.Demonstration|Mixed Platforms.Build.0 = Debug|Any CPU
		{6A5CE2EA-BD1D-49EC-A4C9-E97F947FD18E}.Demonstration|x86.ActiveCfg = Debug|Any CPU
		{6A5CE2EA-BD1D-49EC-A4C9-E97F947FD18E}.Evaluation|Any CPU.ActiveCfg = Release|Any CPU
		{6A5CE2EA-BD1D-49EC-A4C9-E97F947FD18E}.Evaluation|Any CPU.Build.0 = Release|Any CPU
		{6A5CE2EA-BD1D-49EC-A4C9-E97F947FD18E}.Evaluation|Mixed Platforms.ActiveCfg = Release|Any CPU
		{6A5CE2EA-BD1D-49EC-A4C9-E97F947FD18E}.Evaluation|Mixed Platforms.Build.0 = Release|Any CPU
		{6A5CE2EA-BD1D-49EC-A4C9-E97F947FD18E}.Evaluation|x86.ActiveCfg = Release|Any CPU
		{6A5CE2EA-BD1D-49EC-A4C9-E97F947FD18E}.Release Demo|Any CPU.ActiveCfg = Release|Any CPU
		{6A5CE2EA-BD1D-49EC-A4C9-E97F947FD18E}.Release Demo|Any CPU.Build.0 = Release|Any CPU
		{6A5CE2EA-BD1D-49EC-A4C9-E97F947FD18E}.Release Demo|Mixed Platforms.ActiveCfg = Release|Any CPU
		{6A5CE2EA-BD1D-49EC-A4C9-E97F947FD18E}.Release Demo|Mixed Platforms.Build.0 = Release|Any CPU
		{6A5CE2EA-BD1D-49EC-A4C9-E97F947FD18E}.Release Demo|x86.ActiveCfg = Release|Any CPU
		{6A5CE2EA-BD1D-49EC-A4C9-E97F947FD18E}.Release|Any CPU.ActiveCfg = Release|Any CPU
		{6A5CE2EA-BD1D-49EC-A4C9-E97F947FD18E}.Release|Any CPU.Build.0 = Release|Any CPU
		{6A5CE2EA-BD1D-49EC-A4C9-E97F947FD18E}.Release|Mixed Platforms.ActiveCfg = Release|Any CPU
		{6A5CE2EA-BD1D-49EC-A4C9-E97F947FD18E}.Release|Mixed Platforms.Build.0 = Release|Any CPU
		{6A5CE2EA-BD1D-49EC-A4C9-E97F947FD18E}.Release|x86.ActiveCfg = Release|Any CPU
		{158782BB-6CF6-4CBE-BB51-91ED82BC0ED8}.Debug|Any CPU.ActiveCfg = Debug|Any CPU
		{158782BB-6CF6-4CBE-BB51-91ED82BC0ED8}.Debug|Any CPU.Build.0 = Debug|Any CPU
		{158782BB-6CF6-4CBE-BB51-91ED82BC0ED8}.Debug|Mixed Platforms.ActiveCfg = Debug|Any CPU
		{158782BB-6CF6-4CBE-BB51-91ED82BC0ED8}.Debug|Mixed Platforms.Build.0 = Debug|Any CPU
		{158782BB-6CF6-4CBE-BB51-91ED82BC0ED8}.Debug|x86.ActiveCfg = Debug|Any CPU
		{158782BB-6CF6-4CBE-BB51-91ED82BC0ED8}.Demonstration|Any CPU.ActiveCfg = Demonstration|Any CPU
		{158782BB-6CF6-4CBE-BB51-91ED82BC0ED8}.Demonstration|Any CPU.Build.0 = Demonstration|Any CPU
		{158782BB-6CF6-4CBE-BB51-91ED82BC0ED8}.Demonstration|Mixed Platforms.ActiveCfg = Demonstration|Any CPU
		{158782BB-6CF6-4CBE-BB51-91ED82BC0ED8}.Demonstration|Mixed Platforms.Build.0 = Demonstration|Any CPU
		{158782BB-6CF6-4CBE-BB51-91ED82BC0ED8}.Demonstration|x86.ActiveCfg = Demonstration|Any CPU
		{158782BB-6CF6-4CBE-BB51-91ED82BC0ED8}.Evaluation|Any CPU.ActiveCfg = Evaluation|Any CPU
		{158782BB-6CF6-4CBE-BB51-91ED82BC0ED8}.Evaluation|Any CPU.Build.0 = Evaluation|Any CPU
		{158782BB-6CF6-4CBE-BB51-91ED82BC0ED8}.Evaluation|Mixed Platforms.ActiveCfg = Evaluation|Any CPU
		{158782BB-6CF6-4CBE-BB51-91ED82BC0ED8}.Evaluation|Mixed Platforms.Build.0 = Evaluation|Any CPU
		{158782BB-6CF6-4CBE-BB51-91ED82BC0ED8}.Evaluation|x86.ActiveCfg = Evaluation|Any CPU
		{158782BB-6CF6-4CBE-BB51-91ED82BC0ED8}.Release Demo|Any CPU.ActiveCfg = Release Demo|Any CPU
		{158782BB-6CF6-4CBE-BB51-91ED82BC0ED8}.Release Demo|Any CPU.Build.0 = Release Demo|Any CPU
		{158782BB-6CF6-4CBE-BB51-91ED82BC0ED8}.Release Demo|Mixed Platforms.ActiveCfg = Release Demo|Any CPU
		{158782BB-6CF6-4CBE-BB51-91ED82BC0ED8}.Release Demo|Mixed Platforms.Build.0 = Release Demo|Any CPU
		{158782BB-6CF6-4CBE-BB51-91ED82BC0ED8}.Release Demo|x86.ActiveCfg = Release Demo|Any CPU
		{158782BB-6CF6-4CBE-BB51-91ED82BC0ED8}.Release|Any CPU.ActiveCfg = Release|Any CPU
		{158782BB-6CF6-4CBE-BB51-91ED82BC0ED8}.Release|Any CPU.Build.0 = Release|Any CPU
		{158782BB-6CF6-4CBE-BB51-91ED82BC0ED8}.Release|Mixed Platforms.ActiveCfg = Release|Any CPU
		{158782BB-6CF6-4CBE-BB51-91ED82BC0ED8}.Release|Mixed Platforms.Build.0 = Release|Any CPU
		{158782BB-6CF6-4CBE-BB51-91ED82BC0ED8}.Release|x86.ActiveCfg = Release|Any CPU
		{C5FD375F-B640-424D-BD14-04644746A516}.Debug|Any CPU.ActiveCfg = Debug|Any CPU
		{C5FD375F-B640-424D-BD14-04644746A516}.Debug|Any CPU.Build.0 = Debug|Any CPU
		{C5FD375F-B640-424D-BD14-04644746A516}.Debug|Mixed Platforms.ActiveCfg = Debug|Any CPU
		{C5FD375F-B640-424D-BD14-04644746A516}.Debug|Mixed Platforms.Build.0 = Debug|Any CPU
		{C5FD375F-B640-424D-BD14-04644746A516}.Debug|x86.ActiveCfg = Debug|Any CPU
		{C5FD375F-B640-424D-BD14-04644746A516}.Demonstration|Any CPU.ActiveCfg = Debug|Any CPU
		{C5FD375F-B640-424D-BD14-04644746A516}.Demonstration|Any CPU.Build.0 = Debug|Any CPU
		{C5FD375F-B640-424D-BD14-04644746A516}.Demonstration|Mixed Platforms.ActiveCfg = Debug|Any CPU
		{C5FD375F-B640-424D-BD14-04644746A516}.Demonstration|Mixed Platforms.Build.0 = Debug|Any CPU
		{C5FD375F-B640-424D-BD14-04644746A516}.Demonstration|x86.ActiveCfg = Debug|Any CPU
		{C5FD375F-B640-424D-BD14-04644746A516}.Evaluation|Any CPU.ActiveCfg = Release|Any CPU
		{C5FD375F-B640-424D-BD14-04644746A516}.Evaluation|Any CPU.Build.0 = Release|Any CPU
		{C5FD375F-B640-424D-BD14-04644746A516}.Evaluation|Mixed Platforms.ActiveCfg = Release|Any CPU
		{C5FD375F-B640-424D-BD14-04644746A516}.Evaluation|Mixed Platforms.Build.0 = Release|Any CPU
		{C5FD375F-B640-424D-BD14-04644746A516}.Evaluation|x86.ActiveCfg = Release|Any CPU
		{C5FD375F-B640-424D-BD14-04644746A516}.Release Demo|Any CPU.ActiveCfg = Release|Any CPU
		{C5FD375F-B640-424D-BD14-04644746A516}.Release Demo|Any CPU.Build.0 = Release|Any CPU
		{C5FD375F-B640-424D-BD14-04644746A516}.Release Demo|Mixed Platforms.ActiveCfg = Release|Any CPU
		{C5FD375F-B640-424D-BD14-04644746A516}.Release Demo|Mixed Platforms.Build.0 = Release|Any CPU
		{C5FD375F-B640-424D-BD14-04644746A516}.Release Demo|x86.ActiveCfg = Release|Any CPU
		{C5FD375F-B640-424D-BD14-04644746A516}.Release|Any CPU.ActiveCfg = Release|Any CPU
		{C5FD375F-B640-424D-BD14-04644746A516}.Release|Any CPU.Build.0 = Release|Any CPU
		{C5FD375F-B640-424D-BD14-04644746A516}.Release|Mixed Platforms.ActiveCfg = Release|Any CPU
		{C5FD375F-B640-424D-BD14-04644746A516}.Release|Mixed Platforms.Build.0 = Release|Any CPU
		{C5FD375F-B640-424D-BD14-04644746A516}.Release|x86.ActiveCfg = Release|Any CPU
		{3160E4F0-B199-4B8E-B206-71582E7E7041}.Debug|Any CPU.ActiveCfg = Debug|Any CPU
		{3160E4F0-B199-4B8E-B206-71582E7E7041}.Debug|Any CPU.Build.0 = Debug|Any CPU
		{3160E4F0-B199-4B8E-B206-71582E7E7041}.Debug|Mixed Platforms.ActiveCfg = Debug|Any CPU
		{3160E4F0-B199-4B8E-B206-71582E7E7041}.Debug|Mixed Platforms.Build.0 = Debug|Any CPU
		{3160E4F0-B199-4B8E-B206-71582E7E7041}.Debug|x86.ActiveCfg = Debug|Any CPU
		{3160E4F0-B199-4B8E-B206-71582E7E7041}.Demonstration|Any CPU.ActiveCfg = Debug|Any CPU
		{3160E4F0-B199-4B8E-B206-71582E7E7041}.Demonstration|Any CPU.Build.0 = Debug|Any CPU
		{3160E4F0-B199-4B8E-B206-71582E7E7041}.Demonstration|Mixed Platforms.ActiveCfg = Debug|Any CPU
		{3160E4F0-B199-4B8E-B206-71582E7E7041}.Demonstration|Mixed Platforms.Build.0 = Debug|Any CPU
		{3160E4F0-B199-4B8E-B206-71582E7E7041}.Demonstration|x86.ActiveCfg = Debug|Any CPU
		{3160E4F0-B199-4B8E-B206-71582E7E7041}.Evaluation|Any CPU.ActiveCfg = Release|Any CPU
		{3160E4F0-B199-4B8E-B206-71582E7E7041}.Evaluation|Any CPU.Build.0 = Release|Any CPU
		{3160E4F0-B199-4B8E-B206-71582E7E7041}.Evaluation|Mixed Platforms.ActiveCfg = Release|Any CPU
		{3160E4F0-B199-4B8E-B206-71582E7E7041}.Evaluation|Mixed Platforms.Build.0 = Release|Any CPU
		{3160E4F0-B199-4B8E-B206-71582E7E7041}.Evaluation|x86.ActiveCfg = Release|Any CPU
		{3160E4F0-B199-4B8E-B206-71582E7E7041}.Release Demo|Any CPU.ActiveCfg = Release|Any CPU
		{3160E4F0-B199-4B8E-B206-71582E7E7041}.Release Demo|Any CPU.Build.0 = Release|Any CPU
		{3160E4F0-B199-4B8E-B206-71582E7E7041}.Release Demo|Mixed Platforms.ActiveCfg = Release|Any CPU
		{3160E4F0-B199-4B8E-B206-71582E7E7041}.Release Demo|Mixed Platforms.Build.0 = Release|Any CPU
		{3160E4F0-B199-4B8E-B206-71582E7E7041}.Release Demo|x86.ActiveCfg = Release|Any CPU
		{3160E4F0-B199-4B8E-B206-71582E7E7041}.Release|Any CPU.ActiveCfg = Release|Any CPU
		{3160E4F0-B199-4B8E-B206-71582E7E7041}.Release|Any CPU.Build.0 = Release|Any CPU
		{3160E4F0-B199-4B8E-B206-71582E7E7041}.Release|Mixed Platforms.ActiveCfg = Release|Any CPU
		{3160E4F0-B199-4B8E-B206-71582E7E7041}.Release|Mixed Platforms.Build.0 = Release|Any CPU
		{3160E4F0-B199-4B8E-B206-71582E7E7041}.Release|x86.ActiveCfg = Release|Any CPU
		{33003E38-EFED-467B-8A77-77BAAE2994BD}.Debug|Any CPU.ActiveCfg = Debug|Any CPU
		{33003E38-EFED-467B-8A77-77BAAE2994BD}.Debug|Any CPU.Build.0 = Debug|Any CPU
		{33003E38-EFED-467B-8A77-77BAAE2994BD}.Debug|Mixed Platforms.ActiveCfg = Debug|Any CPU
		{33003E38-EFED-467B-8A77-77BAAE2994BD}.Debug|Mixed Platforms.Build.0 = Debug|Any CPU
		{33003E38-EFED-467B-8A77-77BAAE2994BD}.Debug|x86.ActiveCfg = Debug|Any CPU
		{33003E38-EFED-467B-8A77-77BAAE2994BD}.Demonstration|Any CPU.ActiveCfg = Debug|Any CPU
		{33003E38-EFED-467B-8A77-77BAAE2994BD}.Demonstration|Any CPU.Build.0 = Debug|Any CPU
		{33003E38-EFED-467B-8A77-77BAAE2994BD}.Demonstration|Mixed Platforms.ActiveCfg = Debug|Any CPU
		{33003E38-EFED-467B-8A77-77BAAE2994BD}.Demonstration|Mixed Platforms.Build.0 = Debug|Any CPU
		{33003E38-EFED-467B-8A77-77BAAE2994BD}.Demonstration|x86.ActiveCfg = Debug|Any CPU
		{33003E38-EFED-467B-8A77-77BAAE2994BD}.Evaluation|Any CPU.ActiveCfg = Release|Any CPU
		{33003E38-EFED-467B-8A77-77BAAE2994BD}.Evaluation|Any CPU.Build.0 = Release|Any CPU
		{33003E38-EFED-467B-8A77-77BAAE2994BD}.Evaluation|Mixed Platforms.ActiveCfg = Release|Any CPU
		{33003E38-EFED-467B-8A77-77BAAE2994BD}.Evaluation|Mixed Platforms.Build.0 = Release|Any CPU
		{33003E38-EFED-467B-8A77-77BAAE2994BD}.Evaluation|x86.ActiveCfg = Release|Any CPU
		{33003E38-EFED-467B-8A77-77BAAE2994BD}.Release Demo|Any CPU.ActiveCfg = Release|Any CPU
		{33003E38-EFED-467B-8A77-77BAAE2994BD}.Release Demo|Any CPU.Build.0 = Release|Any CPU
		{33003E38-EFED-467B-8A77-77BAAE2994BD}.Release Demo|Mixed Platforms.ActiveCfg = Release|Any CPU
		{33003E38-EFED-467B-8A77-77BAAE2994BD}.Release Demo|Mixed Platforms.Build.0 = Release|Any CPU
		{33003E38-EFED-467B-8A77-77BAAE2994BD}.Release Demo|x86.ActiveCfg = Release|Any CPU
		{33003E38-EFED-467B-8A77-77BAAE2994BD}.Release|Any CPU.ActiveCfg = Release|Any CPU
		{33003E38-EFED-467B-8A77-77BAAE2994BD}.Release|Any CPU.Build.0 = Release|Any CPU
		{33003E38-EFED-467B-8A77-77BAAE2994BD}.Release|Mixed Platforms.ActiveCfg = Release|Any CPU
		{33003E38-EFED-467B-8A77-77BAAE2994BD}.Release|Mixed Platforms.Build.0 = Release|Any CPU
		{33003E38-EFED-467B-8A77-77BAAE2994BD}.Release|x86.ActiveCfg = Release|Any CPU
		{FE639B3B-DA4B-46B0-94DB-F5BC157301C4}.Debug|Any CPU.ActiveCfg = Debug|Any CPU
		{FE639B3B-DA4B-46B0-94DB-F5BC157301C4}.Debug|Any CPU.Build.0 = Debug|Any CPU
		{FE639B3B-DA4B-46B0-94DB-F5BC157301C4}.Debug|Mixed Platforms.ActiveCfg = Debug|Any CPU
		{FE639B3B-DA4B-46B0-94DB-F5BC157301C4}.Debug|Mixed Platforms.Build.0 = Debug|Any CPU
		{FE639B3B-DA4B-46B0-94DB-F5BC157301C4}.Debug|x86.ActiveCfg = Debug|Any CPU
		{FE639B3B-DA4B-46B0-94DB-F5BC157301C4}.Demonstration|Any CPU.ActiveCfg = Debug|Any CPU
		{FE639B3B-DA4B-46B0-94DB-F5BC157301C4}.Demonstration|Any CPU.Build.0 = Debug|Any CPU
		{FE639B3B-DA4B-46B0-94DB-F5BC157301C4}.Demonstration|Mixed Platforms.ActiveCfg = Debug|Any CPU
		{FE639B3B-DA4B-46B0-94DB-F5BC157301C4}.Demonstration|Mixed Platforms.Build.0 = Debug|Any CPU
		{FE639B3B-DA4B-46B0-94DB-F5BC157301C4}.Demonstration|x86.ActiveCfg = Debug|Any CPU
		{FE639B3B-DA4B-46B0-94DB-F5BC157301C4}.Evaluation|Any CPU.ActiveCfg = Release|Any CPU
		{FE639B3B-DA4B-46B0-94DB-F5BC157301C4}.Evaluation|Any CPU.Build.0 = Release|Any CPU
		{FE639B3B-DA4B-46B0-94DB-F5BC157301C4}.Evaluation|Mixed Platforms.ActiveCfg = Release|Any CPU
		{FE639B3B-DA4B-46B0-94DB-F5BC157301C4}.Evaluation|Mixed Platforms.Build.0 = Release|Any CPU
		{FE639B3B-DA4B-46B0-94DB-F5BC157301C4}.Evaluation|x86.ActiveCfg = Release|Any CPU
		{FE639B3B-DA4B-46B0-94DB-F5BC157301C4}.Release Demo|Any CPU.ActiveCfg = Release|Any CPU
		{FE639B3B-DA4B-46B0-94DB-F5BC157301C4}.Release Demo|Any CPU.Build.0 = Release|Any CPU
		{FE639B3B-DA4B-46B0-94DB-F5BC157301C4}.Release Demo|Mixed Platforms.ActiveCfg = Release|Any CPU
		{FE639B3B-DA4B-46B0-94DB-F5BC157301C4}.Release Demo|Mixed Platforms.Build.0 = Release|Any CPU
		{FE639B3B-DA4B-46B0-94DB-F5BC157301C4}.Release Demo|x86.ActiveCfg = Release|Any CPU
		{FE639B3B-DA4B-46B0-94DB-F5BC157301C4}.Release|Any CPU.ActiveCfg = Release|Any CPU
		{FE639B3B-DA4B-46B0-94DB-F5BC157301C4}.Release|Any CPU.Build.0 = Release|Any CPU
		{FE639B3B-DA4B-46B0-94DB-F5BC157301C4}.Release|Mixed Platforms.ActiveCfg = Release|Any CPU
		{FE639B3B-DA4B-46B0-94DB-F5BC157301C4}.Release|Mixed Platforms.Build.0 = Release|Any CPU
		{FE639B3B-DA4B-46B0-94DB-F5BC157301C4}.Release|x86.ActiveCfg = Release|Any CPU
		{D29B7A66-FD2D-41C0-BFE1-4DE7881C0BB7}.Debug|Any CPU.ActiveCfg = Debug|Any CPU
		{D29B7A66-FD2D-41C0-BFE1-4DE7881C0BB7}.Debug|Any CPU.Build.0 = Debug|Any CPU
		{D29B7A66-FD2D-41C0-BFE1-4DE7881C0BB7}.Debug|Mixed Platforms.ActiveCfg = Debug|Any CPU
		{D29B7A66-FD2D-41C0-BFE1-4DE7881C0BB7}.Debug|Mixed Platforms.Build.0 = Debug|Any CPU
		{D29B7A66-FD2D-41C0-BFE1-4DE7881C0BB7}.Debug|x86.ActiveCfg = Debug|Any CPU
		{D29B7A66-FD2D-41C0-BFE1-4DE7881C0BB7}.Demonstration|Any CPU.ActiveCfg = Debug|Any CPU
		{D29B7A66-FD2D-41C0-BFE1-4DE7881C0BB7}.Demonstration|Any CPU.Build.0 = Debug|Any CPU
		{D29B7A66-FD2D-41C0-BFE1-4DE7881C0BB7}.Demonstration|Mixed Platforms.ActiveCfg = Debug|Any CPU
		{D29B7A66-FD2D-41C0-BFE1-4DE7881C0BB7}.Demonstration|Mixed Platforms.Build.0 = Debug|Any CPU
		{D29B7A66-FD2D-41C0-BFE1-4DE7881C0BB7}.Demonstration|x86.ActiveCfg = Debug|Any CPU
		{D29B7A66-FD2D-41C0-BFE1-4DE7881C0BB7}.Evaluation|Any CPU.ActiveCfg = Release|Any CPU
		{D29B7A66-FD2D-41C0-BFE1-4DE7881C0BB7}.Evaluation|Any CPU.Build.0 = Release|Any CPU
		{D29B7A66-FD2D-41C0-BFE1-4DE7881C0BB7}.Evaluation|Mixed Platforms.ActiveCfg = Release|Any CPU
		{D29B7A66-FD2D-41C0-BFE1-4DE7881C0BB7}.Evaluation|Mixed Platforms.Build.0 = Release|Any CPU
		{D29B7A66-FD2D-41C0-BFE1-4DE7881C0BB7}.Evaluation|x86.ActiveCfg = Release|Any CPU
		{D29B7A66-FD2D-41C0-BFE1-4DE7881C0BB7}.Release Demo|Any CPU.ActiveCfg = Release|Any CPU
		{D29B7A66-FD2D-41C0-BFE1-4DE7881C0BB7}.Release Demo|Any CPU.Build.0 = Release|Any CPU
		{D29B7A66-FD2D-41C0-BFE1-4DE7881C0BB7}.Release Demo|Mixed Platforms.ActiveCfg = Release|Any CPU
		{D29B7A66-FD2D-41C0-BFE1-4DE7881C0BB7}.Release Demo|Mixed Platforms.Build.0 = Release|Any CPU
		{D29B7A66-FD2D-41C0-BFE1-4DE7881C0BB7}.Release Demo|x86.ActiveCfg = Release|Any CPU
		{D29B7A66-FD2D-41C0-BFE1-4DE7881C0BB7}.Release|Any CPU.ActiveCfg = Release|Any CPU
		{D29B7A66-FD2D-41C0-BFE1-4DE7881C0BB7}.Release|Any CPU.Build.0 = Release|Any CPU
		{D29B7A66-FD2D-41C0-BFE1-4DE7881C0BB7}.Release|Mixed Platforms.ActiveCfg = Release|Any CPU
		{D29B7A66-FD2D-41C0-BFE1-4DE7881C0BB7}.Release|Mixed Platforms.Build.0 = Release|Any CPU
		{D29B7A66-FD2D-41C0-BFE1-4DE7881C0BB7}.Release|x86.ActiveCfg = Release|Any CPU
		{0404F2B3-5EE8-45BE-91F5-8569DE1315C8}.Debug|Any CPU.ActiveCfg = Debug|Any CPU
		{0404F2B3-5EE8-45BE-91F5-8569DE1315C8}.Debug|Any CPU.Build.0 = Debug|Any CPU
		{0404F2B3-5EE8-45BE-91F5-8569DE1315C8}.Debug|Mixed Platforms.ActiveCfg = Debug|Any CPU
		{0404F2B3-5EE8-45BE-91F5-8569DE1315C8}.Debug|Mixed Platforms.Build.0 = Debug|Any CPU
		{0404F2B3-5EE8-45BE-91F5-8569DE1315C8}.Debug|x86.ActiveCfg = Debug|Any CPU
		{0404F2B3-5EE8-45BE-91F5-8569DE1315C8}.Demonstration|Any CPU.ActiveCfg = Debug|Any CPU
		{0404F2B3-5EE8-45BE-91F5-8569DE1315C8}.Demonstration|Any CPU.Build.0 = Debug|Any CPU
		{0404F2B3-5EE8-45BE-91F5-8569DE1315C8}.Demonstration|Mixed Platforms.ActiveCfg = Debug|Any CPU
		{0404F2B3-5EE8-45BE-91F5-8569DE1315C8}.Demonstration|Mixed Platforms.Build.0 = Debug|Any CPU
		{0404F2B3-5EE8-45BE-91F5-8569DE1315C8}.Demonstration|x86.ActiveCfg = Debug|Any CPU
		{0404F2B3-5EE8-45BE-91F5-8569DE1315C8}.Evaluation|Any CPU.ActiveCfg = Release|Any CPU
		{0404F2B3-5EE8-45BE-91F5-8569DE1315C8}.Evaluation|Any CPU.Build.0 = Release|Any CPU
		{0404F2B3-5EE8-45BE-91F5-8569DE1315C8}.Evaluation|Mixed Platforms.ActiveCfg = Release|Any CPU
		{0404F2B3-5EE8-45BE-91F5-8569DE1315C8}.Evaluation|Mixed Platforms.Build.0 = Release|Any CPU
		{0404F2B3-5EE8-45BE-91F5-8569DE1315C8}.Evaluation|x86.ActiveCfg = Release|Any CPU
		{0404F2B3-5EE8-45BE-91F5-8569DE1315C8}.Release Demo|Any CPU.ActiveCfg = Release|Any CPU
		{0404F2B3-5EE8-45BE-91F5-8569DE1315C8}.Release Demo|Any CPU.Build.0 = Release|Any CPU
		{0404F2B3-5EE8-45BE-91F5-8569DE1315C8}.Release Demo|Mixed Platforms.ActiveCfg = Release|Any CPU
		{0404F2B3-5EE8-45BE-91F5-8569DE1315C8}.Release Demo|Mixed Platforms.Build.0 = Release|Any CPU
		{0404F2B3-5EE8-45BE-91F5-8569DE1315C8}.Release Demo|x86.ActiveCfg = Release|Any CPU
		{0404F2B3-5EE8-45BE-91F5-8569DE1315C8}.Release|Any CPU.ActiveCfg = Release|Any CPU
		{0404F2B3-5EE8-45BE-91F5-8569DE1315C8}.Release|Any CPU.Build.0 = Release|Any CPU
		{0404F2B3-5EE8-45BE-91F5-8569DE1315C8}.Release|Mixed Platforms.ActiveCfg = Release|Any CPU
		{0404F2B3-5EE8-45BE-91F5-8569DE1315C8}.Release|Mixed Platforms.Build.0 = Release|Any CPU
		{0404F2B3-5EE8-45BE-91F5-8569DE1315C8}.Release|x86.ActiveCfg = Release|Any CPU
	EndGlobalSection
	GlobalSection(SolutionProperties) = preSolution
		HideSolutionNode = FALSE
	EndGlobalSection
EndGlobal
