
Microsoft Visual Studio Solution File, Format Version 11.00
# Visual Studio 2010
Project("{FAE04EC0-301F-11D3-BF4B-00C04F79EFBC}") = "Data Model", "Data Model\Data Model.csproj", "{8EBBB6E6-73D4-430C-9B28-08D77891516D}"
EndProject
Project("{FAE04EC0-301F-11D3-BF4B-00C04F79EFBC}") = "Explorer Chrome Example", "Explorer Chrome Example\Explorer Chrome Example.csproj", "{5609227D-279F-4407-9719-5CE1B39F5D4D}"
EndProject
Project("{2150E333-8FDC-42A3-9474-1A3956D46DE8}") = "Solutions Items", "Solutions Items", "{805DA105-FD91-4213-9399-ABF427E1CAED}"
	ProjectSection(SolutionItems) = preProject
		Compile Effects.ps1 = Compile Effects.ps1
		Setup x64\Explorer Chrome Suite (x64).reg = Setup x64\Explorer Chrome Suite (x64).reg
		Setup x86\Explorer Chrome Suite (x86).reg = Setup x86\Explorer Chrome Suite (x86).reg
		Setup Files\Explorer Window.ico = Setup Files\Explorer Window.ico
		Setup Files\Installation Banner.jpg = Setup Files\Installation Banner.jpg
		Setup Files\license.lic = Setup Files\license.lic
		Package Help.ps1 = Package Help.ps1
		Setup Files\Sign Demonstration.ps1 = Setup Files\Sign Demonstration.ps1
		Setup Files\Sign Evaluation.ps1 = Setup Files\Sign Evaluation.ps1
		Verify Off.ps1 = Verify Off.ps1
	EndProjectSection
EndProject
Project("{54435603-DBB4-11D2-8724-00A0C9A8B90C}") = "Setup x86", "Setup x86\Setup x86.vdproj", "{81ECD6D4-52B1-4FC8-A4B2-F3D4E6D71436}"
	ProjectSection(ProjectDependencies) = postProject
		{56344427-6F8B-44FD-A712-F0E6D94EB7C3} = {56344427-6F8B-44FD-A712-F0E6D94EB7C3}
		{28D83CDF-9896-4BD5-9049-2266380F6966} = {28D83CDF-9896-4BD5-9049-2266380F6966}
	EndProjectSection
EndProject
Project("{54435603-DBB4-11D2-8724-00A0C9A8B90C}") = "Setup x64", "Setup x64\Setup x64.vdproj", "{7C6B27AD-5BDE-4259-8826-D7AA92EEDD9D}"
	ProjectSection(ProjectDependencies) = postProject
		{56344427-6F8B-44FD-A712-F0E6D94EB7C3} = {56344427-6F8B-44FD-A712-F0E6D94EB7C3}
		{6910FD4E-13C9-4A60-8AB6-D44D02DD6D2D} = {6910FD4E-13C9-4A60-8AB6-D44D02DD6D2D}
	EndProjectSection
EndProject
Project("{54435603-DBB4-11D2-8724-00A0C9A8B90C}") = "Setup Demo", "Setup Demo\Setup Demo.vdproj", "{2117D698-B2C1-4D9B-9550-4275BB3EDAA7}"
EndProject
Project("{2150E333-8FDC-42A3-9474-1A3956D46DE8}") = "Setup x86", "Setup x86", "{11CC9DD7-90D9-4263-BA53-58B417B73124}"
	ProjectSection(SolutionItems) = preProject
		Setup x86\Explorer Chrome Suite (x86).reg = Setup x86\Explorer Chrome Suite (x86).reg
		Setup x86\Scrape Solutions (x86).ps1 = Setup x86\Scrape Solutions (x86).ps1
	EndProjectSection
EndProject
Project("{2150E333-8FDC-42A3-9474-1A3956D46DE8}") = "Setup x64", "Setup x64", "{C03C21A8-D95E-4CFC-B152-380249A997E7}"
	ProjectSection(SolutionItems) = preProject
		Setup x64\Explorer Chrome Suite (x64).reg = Setup x64\Explorer Chrome Suite (x64).reg
		Setup x64\Scrape Solutions (x64).ps1 = Setup x64\Scrape Solutions (x64).ps1
	EndProjectSection
EndProject
Project("{2150E333-8FDC-42A3-9474-1A3956D46DE8}") = "Visual Studio 2008", "Visual Studio 2008", "{653C3C65-62BE-41EC-9CE6-555979895FAF}"
	ProjectSection(SolutionItems) = preProject
		Setup x86\Visual Studio 2008\Category Page.csproj = Setup x86\Visual Studio 2008\Category Page.csproj
		Setup x86\Visual Studio 2008\Category Page.csproj.user = Setup x86\Visual Studio 2008\Category Page.csproj.user
		Setup x86\Visual Studio 2008\Data Model.csproj = Setup x86\Visual Studio 2008\Data Model.csproj
		Setup x86\Visual Studio 2008\Data Model.csproj.user = Setup x86\Visual Studio 2008\Data Model.csproj.user
		Setup x86\Visual Studio 2008\Explorer Chrome Example.csproj = Setup x86\Visual Studio 2008\Explorer Chrome Example.csproj
		Setup x86\Visual Studio 2008\Explorer Chrome Example.csproj.user = Setup x86\Visual Studio 2008\Explorer Chrome Example.csproj.user
		Setup x86\Visual Studio 2008\Explorer Chrome Suite.sln = Setup x86\Visual Studio 2008\Explorer Chrome Suite.sln
		Setup x86\Visual Studio 2008\Explorer Chrome Suite.suo = Setup x86\Visual Studio 2008\Explorer Chrome Suite.suo
		Setup x86\Visual Studio 2008\Visual Studio 2008 Shortcut.ico = Setup x86\Visual Studio 2008\Visual Studio 2008 Shortcut.ico
	EndProjectSection
EndProject
Project("{2150E333-8FDC-42A3-9474-1A3956D46DE8}") = "Visual Studio 2010", "Visual Studio 2010", "{E27BEC5F-EB28-4502-A284-1135E8EC14BA}"
	ProjectSection(SolutionItems) = preProject
		Setup x86\Visual Studio 2010\Category Page.csproj = Setup x86\Visual Studio 2010\Category Page.csproj
		Setup x86\Visual Studio 2010\Category Page.csproj.user = Setup x86\Visual Studio 2010\Category Page.csproj.user
		Setup x86\Visual Studio 2010\Data Model.csproj = Setup x86\Visual Studio 2010\Data Model.csproj
		Setup x86\Visual Studio 2010\Data Model.csproj.user = Setup x86\Visual Studio 2010\Data Model.csproj.user
		Setup x86\Visual Studio 2010\Explorer Chrome Example.csproj = Setup x86\Visual Studio 2010\Explorer Chrome Example.csproj
		Setup x86\Visual Studio 2010\Explorer Chrome Example.csproj.user = Setup x86\Visual Studio 2010\Explorer Chrome Example.csproj.user
		Setup x86\Visual Studio 2010\Explorer Chrome Suite.sln = Setup x86\Visual Studio 2010\Explorer Chrome Suite.sln
		Setup x86\Visual Studio 2010\Explorer Chrome Suite.suo = Setup x86\Visual Studio 2010\Explorer Chrome Suite.suo
		Setup x86\Visual Studio 2010\Visual Studio 2010 Shortcut.ico = Setup x86\Visual Studio 2010\Visual Studio 2010 Shortcut.ico
	EndProjectSection
EndProject
Project("{2150E333-8FDC-42A3-9474-1A3956D46DE8}") = "Visual Studio 2010", "Visual Studio 2010", "{1A78E4D9-C100-4058-8DD7-07A6E230C2C2}"
	ProjectSection(SolutionItems) = preProject
		Setup x64\Visual Studio 2010\Category Page.csproj = Setup x64\Visual Studio 2010\Category Page.csproj
		Setup x64\Visual Studio 2010\Category Page.csproj.user = Setup x64\Visual Studio 2010\Category Page.csproj.user
		Setup x64\Visual Studio 2010\Data Model.csproj = Setup x64\Visual Studio 2010\Data Model.csproj
		Setup x64\Visual Studio 2010\Data Model.csproj.user = Setup x64\Visual Studio 2010\Data Model.csproj.user
		Setup x64\Visual Studio 2010\Explorer Chrome Example.csproj = Setup x64\Visual Studio 2010\Explorer Chrome Example.csproj
		Setup x64\Visual Studio 2010\Explorer Chrome Example.csproj.user = Setup x64\Visual Studio 2010\Explorer Chrome Example.csproj.user
		Setup x64\Visual Studio 2010\Explorer Chrome Suite.sln = Setup x64\Visual Studio 2010\Explorer Chrome Suite.sln
		Setup x64\Visual Studio 2010\Explorer Chrome Suite.suo = Setup x64\Visual Studio 2010\Explorer Chrome Suite.suo
		Setup x64\Visual Studio 2010\Visual Studio 2010 Shortcut.ico = Setup x64\Visual Studio 2010\Visual Studio 2010 Shortcut.ico
	EndProjectSection
EndProject
Project("{FAE04EC0-301F-11D3-BF4B-00C04F79EFBC}") = "Template Installer", "Template Installer\Template Installer.csproj", "{087CE99F-2029-4E75-A627-ACF615918884}"
EndProject
Project("{FAE04EC0-301F-11D3-BF4B-00C04F79EFBC}") = "VS2010 Application Template", "VS2010 Application Template\VS2010 Application Template.csproj", "{56344427-6F8B-44FD-A712-F0E6D94EB7C3}"
EndProject
Project("{FAE04EC0-301F-11D3-BF4B-00C04F79EFBC}") = "VS2008 Application Template", "VS2008 Application Template\VS2008 Application Template.csproj", "{28D83CDF-9896-4BD5-9049-2266380F6966}"
EndProject
Project("{FAE04EC0-301F-11D3-BF4B-00C04F79EFBC}") = "Help Installer", "Help Installer\Help Installer.csproj", "{6910FD4E-13C9-4A60-8AB6-D44D02DD6D2D}"
EndProject
Project("{FAE04EC0-301F-11D3-BF4B-00C04F79EFBC}") = "Teraque", "..\Teraque\Teraque.csproj", "{158782BB-6CF6-4CBE-BB51-91ED82BC0ED8}"
EndProject
Project("{FAE04EC0-301F-11D3-BF4B-00C04F79EFBC}") = "Teraque.PresentationFramework", "..\Teraque.PresentationFramework\Teraque.PresentationFramework.csproj", "{0404F2B3-5EE8-45BE-91F5-8569DE1315C8}"
EndProject
Project("{FAE04EC0-301F-11D3-BF4B-00C04F79EFBC}") = "Teraque.Category", "Teraque.Category\Teraque.Category.csproj", "{A31C79A5-9B89-48FD-9A48-63D1789EF129}"
EndProject
Project("{FAE04EC0-301F-11D3-BF4B-00C04F79EFBC}") = "Teraque.PortableDocumentFormat", "..\Teraque.PortableDocumentFormat\Teraque.PortableDocumentFormat.csproj", "{BFADF86A-8A63-4EBF-A794-EC07DB453B34}"
EndProject
Global
	GlobalSection(TeamFoundationVersionControl) = preSolution
		SccNumberOfProjects = 14
		SccEnterpriseProvider = {4CA58AB2-18FA-4F8D-95D4-32DDF27D184C}
		SccTeamFoundationServer = http://viola:8080/tfs/defaultcollection
		SccLocalPath0 = .
		SccProjectUniqueName1 = ..\\Teraque\\Teraque.csproj
		SccProjectName1 = ../Teraque
		SccLocalPath1 = ..\\Teraque
		SccProjectUniqueName2 = Data\u0020Model\\Data\u0020Model.csproj
		SccProjectName2 = Data\u0020Model
		SccLocalPath2 = Data\u0020Model
		SccProjectUniqueName3 = Explorer\u0020Chrome\u0020Example\\Explorer\u0020Chrome\u0020Example.csproj
		SccProjectName3 = Explorer\u0020Chrome\u0020Example
		SccLocalPath3 = Explorer\u0020Chrome\u0020Example
		SccProjectUniqueName4 = Setup\u0020x86\\Setup\u0020x86.vdproj
		SccProjectName4 = Setup\u0020x86
		SccLocalPath4 = Setup\u0020x86
		SccProjectUniqueName5 = Setup\u0020x64\\Setup\u0020x64.vdproj
		SccProjectName5 = Setup\u0020x64
		SccLocalPath5 = Setup\u0020x64
		SccProjectUniqueName6 = Setup\u0020Demo\\Setup\u0020Demo.vdproj
		SccProjectName6 = Setup\u0020Demo
		SccLocalPath6 = Setup\u0020Demo
		SccProjectUniqueName7 = Template\u0020Installer\\Template\u0020Installer.csproj
		SccProjectName7 = Template\u0020Installer
		SccLocalPath7 = Template\u0020Installer
		SccProjectUniqueName8 = VS2010\u0020Application\u0020Template\\VS2010\u0020Application\u0020Template.csproj
		SccProjectName8 = VS2010\u0020Application\u0020Template
		SccLocalPath8 = VS2010\u0020Application\u0020Template
		SccProjectUniqueName9 = VS2008\u0020Application\u0020Template\\VS2008\u0020Application\u0020Template.csproj
		SccProjectName9 = VS2008\u0020Application\u0020Template
		SccLocalPath9 = VS2008\u0020Application\u0020Template
		SccProjectUniqueName10 = Help\u0020Installer\\Help\u0020Installer.csproj
		SccProjectName10 = Help\u0020Installer
		SccLocalPath10 = Help\u0020Installer
		SccProjectUniqueName11 = ..\\Teraque.PresentationFramework\\Teraque.PresentationFramework.csproj
		SccProjectName11 = ../Teraque.PresentationFramework
		SccLocalPath11 = ..\\Teraque.PresentationFramework
		SccProjectUniqueName12 = Teraque.Category\\Teraque.Category.csproj
		SccProjectName12 = Teraque.Category
		SccLocalPath12 = Teraque.Category
		SccProjectUniqueName13 = ..\\Teraque.PortableDocumentFormat\\Teraque.PortableDocumentFormat.csproj
		SccProjectName13 = ../Teraque.PortableDocumentFormat
		SccLocalPath13 = ..\\Teraque.PortableDocumentFormat
	EndGlobalSection
	GlobalSection(SolutionConfigurationPlatforms) = preSolution
		Debug|Any CPU = Debug|Any CPU
		Debug|Mixed Platforms = Debug|Mixed Platforms
		Debug|x64 = Debug|x64
		Debug|x86 = Debug|x86
		Demonstration|Any CPU = Demonstration|Any CPU
		Demonstration|Mixed Platforms = Demonstration|Mixed Platforms
		Demonstration|x64 = Demonstration|x64
		Demonstration|x86 = Demonstration|x86
		Evaluation|Any CPU = Evaluation|Any CPU
		Evaluation|Mixed Platforms = Evaluation|Mixed Platforms
		Evaluation|x64 = Evaluation|x64
		Evaluation|x86 = Evaluation|x86
		Release Demo|Any CPU = Release Demo|Any CPU
		Release Demo|Mixed Platforms = Release Demo|Mixed Platforms
		Release Demo|x64 = Release Demo|x64
		Release Demo|x86 = Release Demo|x86
		Release|Any CPU = Release|Any CPU
		Release|Mixed Platforms = Release|Mixed Platforms
		Release|x64 = Release|x64
		Release|x86 = Release|x86
	EndGlobalSection
	GlobalSection(ProjectConfigurationPlatforms) = postSolution
		{8EBBB6E6-73D4-430C-9B28-08D77891516D}.Debug|Any CPU.ActiveCfg = Debug|Any CPU
		{8EBBB6E6-73D4-430C-9B28-08D77891516D}.Debug|Any CPU.Build.0 = Debug|Any CPU
		{8EBBB6E6-73D4-430C-9B28-08D77891516D}.Debug|Mixed Platforms.ActiveCfg = Debug|Any CPU
		{8EBBB6E6-73D4-430C-9B28-08D77891516D}.Debug|Mixed Platforms.Build.0 = Debug|Any CPU
		{8EBBB6E6-73D4-430C-9B28-08D77891516D}.Debug|x64.ActiveCfg = Debug|Any CPU
		{8EBBB6E6-73D4-430C-9B28-08D77891516D}.Debug|x86.ActiveCfg = Debug|Any CPU
		{8EBBB6E6-73D4-430C-9B28-08D77891516D}.Demonstration|Any CPU.ActiveCfg = Demonstration|Any CPU
		{8EBBB6E6-73D4-430C-9B28-08D77891516D}.Demonstration|Any CPU.Build.0 = Demonstration|Any CPU
		{8EBBB6E6-73D4-430C-9B28-08D77891516D}.Demonstration|Mixed Platforms.ActiveCfg = Demonstration|Any CPU
		{8EBBB6E6-73D4-430C-9B28-08D77891516D}.Demonstration|Mixed Platforms.Build.0 = Demonstration|Any CPU
		{8EBBB6E6-73D4-430C-9B28-08D77891516D}.Demonstration|x64.ActiveCfg = Demonstration|Any CPU
		{8EBBB6E6-73D4-430C-9B28-08D77891516D}.Demonstration|x86.ActiveCfg = Demonstration|Any CPU
		{8EBBB6E6-73D4-430C-9B28-08D77891516D}.Evaluation|Any CPU.ActiveCfg = Evaluation|Any CPU
		{8EBBB6E6-73D4-430C-9B28-08D77891516D}.Evaluation|Mixed Platforms.ActiveCfg = Evaluation|Any CPU
		{8EBBB6E6-73D4-430C-9B28-08D77891516D}.Evaluation|Mixed Platforms.Build.0 = Evaluation|Any CPU
		{8EBBB6E6-73D4-430C-9B28-08D77891516D}.Evaluation|x64.ActiveCfg = Evaluation|Any CPU
		{8EBBB6E6-73D4-430C-9B28-08D77891516D}.Evaluation|x86.ActiveCfg = Evaluation|Any CPU
		{8EBBB6E6-73D4-430C-9B28-08D77891516D}.Release Demo|Any CPU.ActiveCfg = Release Demo|Any CPU
		{8EBBB6E6-73D4-430C-9B28-08D77891516D}.Release Demo|Any CPU.Build.0 = Release Demo|Any CPU
		{8EBBB6E6-73D4-430C-9B28-08D77891516D}.Release Demo|Mixed Platforms.ActiveCfg = Release|Any CPU
		{8EBBB6E6-73D4-430C-9B28-08D77891516D}.Release Demo|Mixed Platforms.Build.0 = Release|Any CPU
		{8EBBB6E6-73D4-430C-9B28-08D77891516D}.Release Demo|x64.ActiveCfg = Release|Any CPU
		{8EBBB6E6-73D4-430C-9B28-08D77891516D}.Release Demo|x86.ActiveCfg = Release|Any CPU
		{8EBBB6E6-73D4-430C-9B28-08D77891516D}.Release|Any CPU.ActiveCfg = Release|Any CPU
		{8EBBB6E6-73D4-430C-9B28-08D77891516D}.Release|Any CPU.Build.0 = Release|Any CPU
		{8EBBB6E6-73D4-430C-9B28-08D77891516D}.Release|Mixed Platforms.ActiveCfg = Release|Any CPU
		{8EBBB6E6-73D4-430C-9B28-08D77891516D}.Release|Mixed Platforms.Build.0 = Release|Any CPU
		{8EBBB6E6-73D4-430C-9B28-08D77891516D}.Release|x64.ActiveCfg = Release|Any CPU
		{8EBBB6E6-73D4-430C-9B28-08D77891516D}.Release|x86.ActiveCfg = Release|Any CPU
		{5609227D-279F-4407-9719-5CE1B39F5D4D}.Debug|Any CPU.ActiveCfg = Debug|Any CPU
		{5609227D-279F-4407-9719-5CE1B39F5D4D}.Debug|Any CPU.Build.0 = Debug|Any CPU
		{5609227D-279F-4407-9719-5CE1B39F5D4D}.Debug|Mixed Platforms.ActiveCfg = Debug|Any CPU
		{5609227D-279F-4407-9719-5CE1B39F5D4D}.Debug|Mixed Platforms.Build.0 = Debug|Any CPU
		{5609227D-279F-4407-9719-5CE1B39F5D4D}.Debug|x64.ActiveCfg = Debug|x86
		{5609227D-279F-4407-9719-5CE1B39F5D4D}.Debug|x86.ActiveCfg = Debug|x86
		{5609227D-279F-4407-9719-5CE1B39F5D4D}.Debug|x86.Build.0 = Debug|x86
		{5609227D-279F-4407-9719-5CE1B39F5D4D}.Demonstration|Any CPU.ActiveCfg = Demonstration|Any CPU
		{5609227D-279F-4407-9719-5CE1B39F5D4D}.Demonstration|Any CPU.Build.0 = Demonstration|Any CPU
		{5609227D-279F-4407-9719-5CE1B39F5D4D}.Demonstration|Mixed Platforms.ActiveCfg = Demonstration|Any CPU
		{5609227D-279F-4407-9719-5CE1B39F5D4D}.Demonstration|Mixed Platforms.Build.0 = Demonstration|Any CPU
		{5609227D-279F-4407-9719-5CE1B39F5D4D}.Demonstration|x64.ActiveCfg = Demonstration|x86
		{5609227D-279F-4407-9719-5CE1B39F5D4D}.Demonstration|x86.ActiveCfg = Demonstration|x86
		{5609227D-279F-4407-9719-5CE1B39F5D4D}.Demonstration|x86.Build.0 = Demonstration|x86
		{5609227D-279F-4407-9719-5CE1B39F5D4D}.Evaluation|Any CPU.ActiveCfg = Evaluation|Any CPU
		{5609227D-279F-4407-9719-5CE1B39F5D4D}.Evaluation|Mixed Platforms.ActiveCfg = Evaluation|Any CPU
		{5609227D-279F-4407-9719-5CE1B39F5D4D}.Evaluation|Mixed Platforms.Build.0 = Evaluation|Any CPU
		{5609227D-279F-4407-9719-5CE1B39F5D4D}.Evaluation|x64.ActiveCfg = Evaluation|x86
		{5609227D-279F-4407-9719-5CE1B39F5D4D}.Evaluation|x86.ActiveCfg = Evaluation|x86
		{5609227D-279F-4407-9719-5CE1B39F5D4D}.Evaluation|x86.Build.0 = Evaluation|x86
		{5609227D-279F-4407-9719-5CE1B39F5D4D}.Release Demo|Any CPU.ActiveCfg = Release Demo|Any CPU
		{5609227D-279F-4407-9719-5CE1B39F5D4D}.Release Demo|Any CPU.Build.0 = Release Demo|Any CPU
		{5609227D-279F-4407-9719-5CE1B39F5D4D}.Release Demo|Mixed Platforms.ActiveCfg = Release Demo|Any CPU
		{5609227D-279F-4407-9719-5CE1B39F5D4D}.Release Demo|Mixed Platforms.Build.0 = Release Demo|Any CPU
		{5609227D-279F-4407-9719-5CE1B39F5D4D}.Release Demo|x64.ActiveCfg = Release Demo|x86
		{5609227D-279F-4407-9719-5CE1B39F5D4D}.Release Demo|x86.ActiveCfg = Release Demo|x86
		{5609227D-279F-4407-9719-5CE1B39F5D4D}.Release Demo|x86.Build.0 = Release Demo|x86
		{5609227D-279F-4407-9719-5CE1B39F5D4D}.Release|Any CPU.ActiveCfg = Release|Any CPU
		{5609227D-279F-4407-9719-5CE1B39F5D4D}.Release|Any CPU.Build.0 = Release|Any CPU
		{5609227D-279F-4407-9719-5CE1B39F5D4D}.Release|Mixed Platforms.ActiveCfg = Release|Any CPU
		{5609227D-279F-4407-9719-5CE1B39F5D4D}.Release|Mixed Platforms.Build.0 = Release|Any CPU
		{5609227D-279F-4407-9719-5CE1B39F5D4D}.Release|x64.ActiveCfg = Release|x86
		{5609227D-279F-4407-9719-5CE1B39F5D4D}.Release|x86.ActiveCfg = Release|x86
		{5609227D-279F-4407-9719-5CE1B39F5D4D}.Release|x86.Build.0 = Release|x86
		{81ECD6D4-52B1-4FC8-A4B2-F3D4E6D71436}.Debug|Any CPU.ActiveCfg = Debug
		{81ECD6D4-52B1-4FC8-A4B2-F3D4E6D71436}.Debug|Mixed Platforms.ActiveCfg = Debug
		{81ECD6D4-52B1-4FC8-A4B2-F3D4E6D71436}.Debug|x64.ActiveCfg = Debug
		{81ECD6D4-52B1-4FC8-A4B2-F3D4E6D71436}.Debug|x64.Build.0 = Debug
		{81ECD6D4-52B1-4FC8-A4B2-F3D4E6D71436}.Debug|x86.ActiveCfg = Debug
		{81ECD6D4-52B1-4FC8-A4B2-F3D4E6D71436}.Debug|x86.Build.0 = Debug
		{81ECD6D4-52B1-4FC8-A4B2-F3D4E6D71436}.Demonstration|Any CPU.ActiveCfg = Demonstration
		{81ECD6D4-52B1-4FC8-A4B2-F3D4E6D71436}.Demonstration|Mixed Platforms.ActiveCfg = Demonstration
		{81ECD6D4-52B1-4FC8-A4B2-F3D4E6D71436}.Demonstration|Mixed Platforms.Build.0 = Demonstration
		{81ECD6D4-52B1-4FC8-A4B2-F3D4E6D71436}.Demonstration|x64.ActiveCfg = Demonstration
		{81ECD6D4-52B1-4FC8-A4B2-F3D4E6D71436}.Demonstration|x64.Build.0 = Demonstration
		{81ECD6D4-52B1-4FC8-A4B2-F3D4E6D71436}.Demonstration|x86.ActiveCfg = Demonstration
		{81ECD6D4-52B1-4FC8-A4B2-F3D4E6D71436}.Demonstration|x86.Build.0 = Demonstration
		{81ECD6D4-52B1-4FC8-A4B2-F3D4E6D71436}.Evaluation|Any CPU.ActiveCfg = Evaluation
		{81ECD6D4-52B1-4FC8-A4B2-F3D4E6D71436}.Evaluation|Any CPU.Build.0 = Evaluation
		{81ECD6D4-52B1-4FC8-A4B2-F3D4E6D71436}.Evaluation|Mixed Platforms.ActiveCfg = Evaluation
		{81ECD6D4-52B1-4FC8-A4B2-F3D4E6D71436}.Evaluation|Mixed Platforms.Build.0 = Evaluation
		{81ECD6D4-52B1-4FC8-A4B2-F3D4E6D71436}.Evaluation|x64.ActiveCfg = Evaluation
		{81ECD6D4-52B1-4FC8-A4B2-F3D4E6D71436}.Evaluation|x64.Build.0 = Evaluation
		{81ECD6D4-52B1-4FC8-A4B2-F3D4E6D71436}.Evaluation|x86.ActiveCfg = Evaluation
		{81ECD6D4-52B1-4FC8-A4B2-F3D4E6D71436}.Evaluation|x86.Build.0 = Evaluation
		{81ECD6D4-52B1-4FC8-A4B2-F3D4E6D71436}.Release Demo|Any CPU.ActiveCfg = Release
		{81ECD6D4-52B1-4FC8-A4B2-F3D4E6D71436}.Release Demo|Mixed Platforms.ActiveCfg = Release
		{81ECD6D4-52B1-4FC8-A4B2-F3D4E6D71436}.Release Demo|Mixed Platforms.Build.0 = Release
		{81ECD6D4-52B1-4FC8-A4B2-F3D4E6D71436}.Release Demo|x64.ActiveCfg = Release
		{81ECD6D4-52B1-4FC8-A4B2-F3D4E6D71436}.Release Demo|x64.Build.0 = Release
		{81ECD6D4-52B1-4FC8-A4B2-F3D4E6D71436}.Release Demo|x86.ActiveCfg = Release
		{81ECD6D4-52B1-4FC8-A4B2-F3D4E6D71436}.Release Demo|x86.Build.0 = Release
		{81ECD6D4-52B1-4FC8-A4B2-F3D4E6D71436}.Release|Any CPU.ActiveCfg = Release
		{81ECD6D4-52B1-4FC8-A4B2-F3D4E6D71436}.Release|Mixed Platforms.ActiveCfg = Release
		{81ECD6D4-52B1-4FC8-A4B2-F3D4E6D71436}.Release|x64.ActiveCfg = Release
		{81ECD6D4-52B1-4FC8-A4B2-F3D4E6D71436}.Release|x64.Build.0 = Release
		{81ECD6D4-52B1-4FC8-A4B2-F3D4E6D71436}.Release|x86.ActiveCfg = Release
		{81ECD6D4-52B1-4FC8-A4B2-F3D4E6D71436}.Release|x86.Build.0 = Release
		{7C6B27AD-5BDE-4259-8826-D7AA92EEDD9D}.Debug|Any CPU.ActiveCfg = Debug
		{7C6B27AD-5BDE-4259-8826-D7AA92EEDD9D}.Debug|Mixed Platforms.ActiveCfg = Debug
		{7C6B27AD-5BDE-4259-8826-D7AA92EEDD9D}.Debug|x64.ActiveCfg = Debug
		{7C6B27AD-5BDE-4259-8826-D7AA92EEDD9D}.Debug|x86.ActiveCfg = Debug
		{7C6B27AD-5BDE-4259-8826-D7AA92EEDD9D}.Demonstration|Any CPU.ActiveCfg = Demonstration
		{7C6B27AD-5BDE-4259-8826-D7AA92EEDD9D}.Demonstration|Mixed Platforms.ActiveCfg = Demonstration
		{7C6B27AD-5BDE-4259-8826-D7AA92EEDD9D}.Demonstration|Mixed Platforms.Build.0 = Demonstration
		{7C6B27AD-5BDE-4259-8826-D7AA92EEDD9D}.Demonstration|x64.ActiveCfg = Demonstration
		{7C6B27AD-5BDE-4259-8826-D7AA92EEDD9D}.Demonstration|x64.Build.0 = Demonstration
		{7C6B27AD-5BDE-4259-8826-D7AA92EEDD9D}.Demonstration|x86.ActiveCfg = Demonstration
		{7C6B27AD-5BDE-4259-8826-D7AA92EEDD9D}.Demonstration|x86.Build.0 = Demonstration
		{7C6B27AD-5BDE-4259-8826-D7AA92EEDD9D}.Evaluation|Any CPU.ActiveCfg = Evaluation
		{7C6B27AD-5BDE-4259-8826-D7AA92EEDD9D}.Evaluation|Any CPU.Build.0 = Evaluation
		{7C6B27AD-5BDE-4259-8826-D7AA92EEDD9D}.Evaluation|Mixed Platforms.ActiveCfg = Evaluation
		{7C6B27AD-5BDE-4259-8826-D7AA92EEDD9D}.Evaluation|Mixed Platforms.Build.0 = Evaluation
		{7C6B27AD-5BDE-4259-8826-D7AA92EEDD9D}.Evaluation|x64.ActiveCfg = Evaluation
		{7C6B27AD-5BDE-4259-8826-D7AA92EEDD9D}.Evaluation|x64.Build.0 = Evaluation
		{7C6B27AD-5BDE-4259-8826-D7AA92EEDD9D}.Evaluation|x86.ActiveCfg = Evaluation
		{7C6B27AD-5BDE-4259-8826-D7AA92EEDD9D}.Evaluation|x86.Build.0 = Evaluation
		{7C6B27AD-5BDE-4259-8826-D7AA92EEDD9D}.Release Demo|Any CPU.ActiveCfg = Release
		{7C6B27AD-5BDE-4259-8826-D7AA92EEDD9D}.Release Demo|Mixed Platforms.ActiveCfg = Release
		{7C6B27AD-5BDE-4259-8826-D7AA92EEDD9D}.Release Demo|Mixed Platforms.Build.0 = Release
		{7C6B27AD-5BDE-4259-8826-D7AA92EEDD9D}.Release Demo|x64.ActiveCfg = Release
		{7C6B27AD-5BDE-4259-8826-D7AA92EEDD9D}.Release Demo|x64.Build.0 = Release
		{7C6B27AD-5BDE-4259-8826-D7AA92EEDD9D}.Release Demo|x86.ActiveCfg = Release
		{7C6B27AD-5BDE-4259-8826-D7AA92EEDD9D}.Release Demo|x86.Build.0 = Release
		{7C6B27AD-5BDE-4259-8826-D7AA92EEDD9D}.Release|Any CPU.ActiveCfg = Release
		{7C6B27AD-5BDE-4259-8826-D7AA92EEDD9D}.Release|Mixed Platforms.ActiveCfg = Release
		{7C6B27AD-5BDE-4259-8826-D7AA92EEDD9D}.Release|x64.ActiveCfg = Release
		{7C6B27AD-5BDE-4259-8826-D7AA92EEDD9D}.Release|x86.ActiveCfg = Release
		{2117D698-B2C1-4D9B-9550-4275BB3EDAA7}.Debug|Any CPU.ActiveCfg = Debug
		{2117D698-B2C1-4D9B-9550-4275BB3EDAA7}.Debug|Mixed Platforms.ActiveCfg = Debug
		{2117D698-B2C1-4D9B-9550-4275BB3EDAA7}.Debug|x64.ActiveCfg = Debug
		{2117D698-B2C1-4D9B-9550-4275BB3EDAA7}.Debug|x86.ActiveCfg = Debug
		{2117D698-B2C1-4D9B-9550-4275BB3EDAA7}.Demonstration|Any CPU.ActiveCfg = Demonstration
		{2117D698-B2C1-4D9B-9550-4275BB3EDAA7}.Demonstration|Any CPU.Build.0 = Demonstration
		{2117D698-B2C1-4D9B-9550-4275BB3EDAA7}.Demonstration|Mixed Platforms.ActiveCfg = Demonstration
		{2117D698-B2C1-4D9B-9550-4275BB3EDAA7}.Demonstration|Mixed Platforms.Build.0 = Demonstration
		{2117D698-B2C1-4D9B-9550-4275BB3EDAA7}.Demonstration|x64.ActiveCfg = Demonstration
		{2117D698-B2C1-4D9B-9550-4275BB3EDAA7}.Demonstration|x64.Build.0 = Demonstration
		{2117D698-B2C1-4D9B-9550-4275BB3EDAA7}.Demonstration|x86.ActiveCfg = Demonstration
		{2117D698-B2C1-4D9B-9550-4275BB3EDAA7}.Demonstration|x86.Build.0 = Demonstration
		{2117D698-B2C1-4D9B-9550-4275BB3EDAA7}.Evaluation|Any CPU.ActiveCfg = Evaluation
		{2117D698-B2C1-4D9B-9550-4275BB3EDAA7}.Evaluation|Mixed Platforms.ActiveCfg = Evaluation
		{2117D698-B2C1-4D9B-9550-4275BB3EDAA7}.Evaluation|Mixed Platforms.Build.0 = Evaluation
		{2117D698-B2C1-4D9B-9550-4275BB3EDAA7}.Evaluation|x64.ActiveCfg = Evaluation
		{2117D698-B2C1-4D9B-9550-4275BB3EDAA7}.Evaluation|x64.Build.0 = Evaluation
		{2117D698-B2C1-4D9B-9550-4275BB3EDAA7}.Evaluation|x86.ActiveCfg = Evaluation
		{2117D698-B2C1-4D9B-9550-4275BB3EDAA7}.Evaluation|x86.Build.0 = Evaluation
		{2117D698-B2C1-4D9B-9550-4275BB3EDAA7}.Release Demo|Any CPU.ActiveCfg = Release Demo
		{2117D698-B2C1-4D9B-9550-4275BB3EDAA7}.Release Demo|Any CPU.Build.0 = Release Demo
		{2117D698-B2C1-4D9B-9550-4275BB3EDAA7}.Release Demo|Mixed Platforms.ActiveCfg = Release
		{2117D698-B2C1-4D9B-9550-4275BB3EDAA7}.Release Demo|Mixed Platforms.Build.0 = Release
		{2117D698-B2C1-4D9B-9550-4275BB3EDAA7}.Release Demo|x64.ActiveCfg = Release
		{2117D698-B2C1-4D9B-9550-4275BB3EDAA7}.Release Demo|x64.Build.0 = Release
		{2117D698-B2C1-4D9B-9550-4275BB3EDAA7}.Release Demo|x86.ActiveCfg = Release
		{2117D698-B2C1-4D9B-9550-4275BB3EDAA7}.Release Demo|x86.Build.0 = Release
		{2117D698-B2C1-4D9B-9550-4275BB3EDAA7}.Release|Any CPU.ActiveCfg = Release
		{2117D698-B2C1-4D9B-9550-4275BB3EDAA7}.Release|Mixed Platforms.ActiveCfg = Release
		{2117D698-B2C1-4D9B-9550-4275BB3EDAA7}.Release|x64.ActiveCfg = Release
		{2117D698-B2C1-4D9B-9550-4275BB3EDAA7}.Release|x86.ActiveCfg = Release
		{087CE99F-2029-4E75-A627-ACF615918884}.Debug|Any CPU.ActiveCfg = Debug|Any CPU
		{087CE99F-2029-4E75-A627-ACF615918884}.Debug|Mixed Platforms.ActiveCfg = Debug|Any CPU
		{087CE99F-2029-4E75-A627-ACF615918884}.Debug|Mixed Platforms.Build.0 = Debug|Any CPU
		{087CE99F-2029-4E75-A627-ACF615918884}.Debug|x64.ActiveCfg = Debug|Any CPU
		{087CE99F-2029-4E75-A627-ACF615918884}.Debug|x86.ActiveCfg = Debug|Any CPU
		{087CE99F-2029-4E75-A627-ACF615918884}.Demonstration|Any CPU.ActiveCfg = Debug|Any CPU
		{087CE99F-2029-4E75-A627-ACF615918884}.Demonstration|Mixed Platforms.ActiveCfg = Debug|Any CPU
		{087CE99F-2029-4E75-A627-ACF615918884}.Demonstration|Mixed Platforms.Build.0 = Debug|Any CPU
		{087CE99F-2029-4E75-A627-ACF615918884}.Demonstration|x64.ActiveCfg = Debug|Any CPU
		{087CE99F-2029-4E75-A627-ACF615918884}.Demonstration|x86.ActiveCfg = Debug|Any CPU
		{087CE99F-2029-4E75-A627-ACF615918884}.Evaluation|Any CPU.ActiveCfg = Evaluation|Any CPU
		{087CE99F-2029-4E75-A627-ACF615918884}.Evaluation|Any CPU.Build.0 = Evaluation|Any CPU
		{087CE99F-2029-4E75-A627-ACF615918884}.Evaluation|Mixed Platforms.ActiveCfg = Evaluation|Any CPU
		{087CE99F-2029-4E75-A627-ACF615918884}.Evaluation|Mixed Platforms.Build.0 = Evaluation|Any CPU
		{087CE99F-2029-4E75-A627-ACF615918884}.Evaluation|x64.ActiveCfg = Evaluation|Any CPU
		{087CE99F-2029-4E75-A627-ACF615918884}.Evaluation|x86.ActiveCfg = Evaluation|Any CPU
		{087CE99F-2029-4E75-A627-ACF615918884}.Release Demo|Any CPU.ActiveCfg = Release|Any CPU
		{087CE99F-2029-4E75-A627-ACF615918884}.Release Demo|Mixed Platforms.ActiveCfg = Release|Any CPU
		{087CE99F-2029-4E75-A627-ACF615918884}.Release Demo|Mixed Platforms.Build.0 = Release|Any CPU
		{087CE99F-2029-4E75-A627-ACF615918884}.Release Demo|x64.ActiveCfg = Release|Any CPU
		{087CE99F-2029-4E75-A627-ACF615918884}.Release Demo|x86.ActiveCfg = Release|Any CPU
		{087CE99F-2029-4E75-A627-ACF615918884}.Release|Any CPU.ActiveCfg = Release|Any CPU
		{087CE99F-2029-4E75-A627-ACF615918884}.Release|Any CPU.Build.0 = Release|Any CPU
		{087CE99F-2029-4E75-A627-ACF615918884}.Release|Mixed Platforms.ActiveCfg = Release|Any CPU
		{087CE99F-2029-4E75-A627-ACF615918884}.Release|Mixed Platforms.Build.0 = Release|Any CPU
		{087CE99F-2029-4E75-A627-ACF615918884}.Release|x64.ActiveCfg = Release|Any CPU
		{087CE99F-2029-4E75-A627-ACF615918884}.Release|x86.ActiveCfg = Release|Any CPU
		{56344427-6F8B-44FD-A712-F0E6D94EB7C3}.Debug|Any CPU.ActiveCfg = Debug|Any CPU
		{56344427-6F8B-44FD-A712-F0E6D94EB7C3}.Debug|Mixed Platforms.ActiveCfg = Debug|Any CPU
		{56344427-6F8B-44FD-A712-F0E6D94EB7C3}.Debug|Mixed Platforms.Build.0 = Debug|Any CPU
		{56344427-6F8B-44FD-A712-F0E6D94EB7C3}.Debug|x64.ActiveCfg = Debug|Any CPU
		{56344427-6F8B-44FD-A712-F0E6D94EB7C3}.Debug|x86.ActiveCfg = Debug|Any CPU
		{56344427-6F8B-44FD-A712-F0E6D94EB7C3}.Demonstration|Any CPU.ActiveCfg = Debug|Any CPU
		{56344427-6F8B-44FD-A712-F0E6D94EB7C3}.Demonstration|Mixed Platforms.ActiveCfg = Debug|Any CPU
		{56344427-6F8B-44FD-A712-F0E6D94EB7C3}.Demonstration|Mixed Platforms.Build.0 = Debug|Any CPU
		{56344427-6F8B-44FD-A712-F0E6D94EB7C3}.Demonstration|x64.ActiveCfg = Debug|Any CPU
		{56344427-6F8B-44FD-A712-F0E6D94EB7C3}.Demonstration|x86.ActiveCfg = Debug|Any CPU
		{56344427-6F8B-44FD-A712-F0E6D94EB7C3}.Evaluation|Any CPU.ActiveCfg = Evaluation|Any CPU
		{56344427-6F8B-44FD-A712-F0E6D94EB7C3}.Evaluation|Any CPU.Build.0 = Evaluation|Any CPU
		{56344427-6F8B-44FD-A712-F0E6D94EB7C3}.Evaluation|Mixed Platforms.ActiveCfg = Evaluation|Any CPU
		{56344427-6F8B-44FD-A712-F0E6D94EB7C3}.Evaluation|Mixed Platforms.Build.0 = Evaluation|Any CPU
		{56344427-6F8B-44FD-A712-F0E6D94EB7C3}.Evaluation|x64.ActiveCfg = Evaluation|Any CPU
		{56344427-6F8B-44FD-A712-F0E6D94EB7C3}.Evaluation|x86.ActiveCfg = Evaluation|Any CPU
		{56344427-6F8B-44FD-A712-F0E6D94EB7C3}.Release Demo|Any CPU.ActiveCfg = Release|Any CPU
		{56344427-6F8B-44FD-A712-F0E6D94EB7C3}.Release Demo|Mixed Platforms.ActiveCfg = Release|Any CPU
		{56344427-6F8B-44FD-A712-F0E6D94EB7C3}.Release Demo|Mixed Platforms.Build.0 = Release|Any CPU
		{56344427-6F8B-44FD-A712-F0E6D94EB7C3}.Release Demo|x64.ActiveCfg = Release|Any CPU
		{56344427-6F8B-44FD-A712-F0E6D94EB7C3}.Release Demo|x86.ActiveCfg = Release|Any CPU
		{56344427-6F8B-44FD-A712-F0E6D94EB7C3}.Release|Any CPU.ActiveCfg = Release|Any CPU
		{56344427-6F8B-44FD-A712-F0E6D94EB7C3}.Release|Any CPU.Build.0 = Release|Any CPU
		{56344427-6F8B-44FD-A712-F0E6D94EB7C3}.Release|Mixed Platforms.ActiveCfg = Release|Any CPU
		{56344427-6F8B-44FD-A712-F0E6D94EB7C3}.Release|Mixed Platforms.Build.0 = Release|Any CPU
		{56344427-6F8B-44FD-A712-F0E6D94EB7C3}.Release|x64.ActiveCfg = Release|Any CPU
		{56344427-6F8B-44FD-A712-F0E6D94EB7C3}.Release|x86.ActiveCfg = Release|Any CPU
		{28D83CDF-9896-4BD5-9049-2266380F6966}.Debug|Any CPU.ActiveCfg = Debug|Any CPU
		{28D83CDF-9896-4BD5-9049-2266380F6966}.Debug|Mixed Platforms.ActiveCfg = Debug|Any CPU
		{28D83CDF-9896-4BD5-9049-2266380F6966}.Debug|Mixed Platforms.Build.0 = Debug|Any CPU
		{28D83CDF-9896-4BD5-9049-2266380F6966}.Debug|x64.ActiveCfg = Debug|Any CPU
		{28D83CDF-9896-4BD5-9049-2266380F6966}.Debug|x86.ActiveCfg = Debug|Any CPU
		{28D83CDF-9896-4BD5-9049-2266380F6966}.Demonstration|Any CPU.ActiveCfg = Debug|Any CPU
		{28D83CDF-9896-4BD5-9049-2266380F6966}.Demonstration|Mixed Platforms.ActiveCfg = Debug|Any CPU
		{28D83CDF-9896-4BD5-9049-2266380F6966}.Demonstration|Mixed Platforms.Build.0 = Debug|Any CPU
		{28D83CDF-9896-4BD5-9049-2266380F6966}.Demonstration|x64.ActiveCfg = Debug|Any CPU
		{28D83CDF-9896-4BD5-9049-2266380F6966}.Demonstration|x86.ActiveCfg = Debug|Any CPU
		{28D83CDF-9896-4BD5-9049-2266380F6966}.Evaluation|Any CPU.ActiveCfg = Evaluation|Any CPU
		{28D83CDF-9896-4BD5-9049-2266380F6966}.Evaluation|Any CPU.Build.0 = Evaluation|Any CPU
		{28D83CDF-9896-4BD5-9049-2266380F6966}.Evaluation|Mixed Platforms.ActiveCfg = Release|Any CPU
		{28D83CDF-9896-4BD5-9049-2266380F6966}.Evaluation|Mixed Platforms.Build.0 = Release|Any CPU
		{28D83CDF-9896-4BD5-9049-2266380F6966}.Evaluation|x64.ActiveCfg = Release|Any CPU
		{28D83CDF-9896-4BD5-9049-2266380F6966}.Evaluation|x86.ActiveCfg = Release|Any CPU
		{28D83CDF-9896-4BD5-9049-2266380F6966}.Release Demo|Any CPU.ActiveCfg = Release|Any CPU
		{28D83CDF-9896-4BD5-9049-2266380F6966}.Release Demo|Mixed Platforms.ActiveCfg = Release|Any CPU
		{28D83CDF-9896-4BD5-9049-2266380F6966}.Release Demo|Mixed Platforms.Build.0 = Release|Any CPU
		{28D83CDF-9896-4BD5-9049-2266380F6966}.Release Demo|x64.ActiveCfg = Release|Any CPU
		{28D83CDF-9896-4BD5-9049-2266380F6966}.Release Demo|x86.ActiveCfg = Release|Any CPU
		{28D83CDF-9896-4BD5-9049-2266380F6966}.Release|Any CPU.ActiveCfg = Release|Any CPU
		{28D83CDF-9896-4BD5-9049-2266380F6966}.Release|Any CPU.Build.0 = Release|Any CPU
		{28D83CDF-9896-4BD5-9049-2266380F6966}.Release|Mixed Platforms.ActiveCfg = Release|Any CPU
		{28D83CDF-9896-4BD5-9049-2266380F6966}.Release|Mixed Platforms.Build.0 = Release|Any CPU
		{28D83CDF-9896-4BD5-9049-2266380F6966}.Release|x64.ActiveCfg = Release|Any CPU
		{28D83CDF-9896-4BD5-9049-2266380F6966}.Release|x86.ActiveCfg = Release|Any CPU
		{6910FD4E-13C9-4A60-8AB6-D44D02DD6D2D}.Debug|Any CPU.ActiveCfg = Debug|Any CPU
		{6910FD4E-13C9-4A60-8AB6-D44D02DD6D2D}.Debug|Mixed Platforms.ActiveCfg = Debug|Any CPU
		{6910FD4E-13C9-4A60-8AB6-D44D02DD6D2D}.Debug|Mixed Platforms.Build.0 = Debug|Any CPU
		{6910FD4E-13C9-4A60-8AB6-D44D02DD6D2D}.Debug|x64.ActiveCfg = Debug|Any CPU
		{6910FD4E-13C9-4A60-8AB6-D44D02DD6D2D}.Debug|x86.ActiveCfg = Debug|Any CPU
		{6910FD4E-13C9-4A60-8AB6-D44D02DD6D2D}.Demonstration|Any CPU.ActiveCfg = Debug|Any CPU
		{6910FD4E-13C9-4A60-8AB6-D44D02DD6D2D}.Demonstration|Mixed Platforms.ActiveCfg = Debug|Any CPU
		{6910FD4E-13C9-4A60-8AB6-D44D02DD6D2D}.Demonstration|Mixed Platforms.Build.0 = Debug|Any CPU
		{6910FD4E-13C9-4A60-8AB6-D44D02DD6D2D}.Demonstration|x64.ActiveCfg = Debug|Any CPU
		{6910FD4E-13C9-4A60-8AB6-D44D02DD6D2D}.Demonstration|x86.ActiveCfg = Debug|Any CPU
		{6910FD4E-13C9-4A60-8AB6-D44D02DD6D2D}.Evaluation|Any CPU.ActiveCfg = Evaluation|Any CPU
		{6910FD4E-13C9-4A60-8AB6-D44D02DD6D2D}.Evaluation|Any CPU.Build.0 = Evaluation|Any CPU
		{6910FD4E-13C9-4A60-8AB6-D44D02DD6D2D}.Evaluation|Mixed Platforms.ActiveCfg = Release|Any CPU
		{6910FD4E-13C9-4A60-8AB6-D44D02DD6D2D}.Evaluation|Mixed Platforms.Build.0 = Release|Any CPU
		{6910FD4E-13C9-4A60-8AB6-D44D02DD6D2D}.Evaluation|x64.ActiveCfg = Release|Any CPU
		{6910FD4E-13C9-4A60-8AB6-D44D02DD6D2D}.Evaluation|x86.ActiveCfg = Release|Any CPU
		{6910FD4E-13C9-4A60-8AB6-D44D02DD6D2D}.Release Demo|Any CPU.ActiveCfg = Release|Any CPU
		{6910FD4E-13C9-4A60-8AB6-D44D02DD6D2D}.Release Demo|Mixed Platforms.ActiveCfg = Release|Any CPU
		{6910FD4E-13C9-4A60-8AB6-D44D02DD6D2D}.Release Demo|Mixed Platforms.Build.0 = Release|Any CPU
		{6910FD4E-13C9-4A60-8AB6-D44D02DD6D2D}.Release Demo|x64.ActiveCfg = Release|Any CPU
		{6910FD4E-13C9-4A60-8AB6-D44D02DD6D2D}.Release Demo|x86.ActiveCfg = Release|Any CPU
		{6910FD4E-13C9-4A60-8AB6-D44D02DD6D2D}.Release|Any CPU.ActiveCfg = Release|Any CPU
		{6910FD4E-13C9-4A60-8AB6-D44D02DD6D2D}.Release|Any CPU.Build.0 = Release|Any CPU
		{6910FD4E-13C9-4A60-8AB6-D44D02DD6D2D}.Release|Mixed Platforms.ActiveCfg = Release|Any CPU
		{6910FD4E-13C9-4A60-8AB6-D44D02DD6D2D}.Release|Mixed Platforms.Build.0 = Release|Any CPU
		{6910FD4E-13C9-4A60-8AB6-D44D02DD6D2D}.Release|x64.ActiveCfg = Release|Any CPU
		{6910FD4E-13C9-4A60-8AB6-D44D02DD6D2D}.Release|x86.ActiveCfg = Release|Any CPU
		{158782BB-6CF6-4CBE-BB51-91ED82BC0ED8}.Debug|Any CPU.ActiveCfg = Debug|Any CPU
		{158782BB-6CF6-4CBE-BB51-91ED82BC0ED8}.Debug|Any CPU.Build.0 = Debug|Any CPU
		{158782BB-6CF6-4CBE-BB51-91ED82BC0ED8}.Debug|Mixed Platforms.ActiveCfg = Debug|Any CPU
		{158782BB-6CF6-4CBE-BB51-91ED82BC0ED8}.Debug|Mixed Platforms.Build.0 = Debug|Any CPU
		{158782BB-6CF6-4CBE-BB51-91ED82BC0ED8}.Debug|x64.ActiveCfg = Debug|x64
		{158782BB-6CF6-4CBE-BB51-91ED82BC0ED8}.Debug|x64.Build.0 = Debug|x64
		{158782BB-6CF6-4CBE-BB51-91ED82BC0ED8}.Debug|x86.ActiveCfg = Debug|x86
		{158782BB-6CF6-4CBE-BB51-91ED82BC0ED8}.Debug|x86.Build.0 = Debug|x86
		{158782BB-6CF6-4CBE-BB51-91ED82BC0ED8}.Demonstration|Any CPU.ActiveCfg = Demonstration|Any CPU
		{158782BB-6CF6-4CBE-BB51-91ED82BC0ED8}.Demonstration|Any CPU.Build.0 = Demonstration|Any CPU
		{158782BB-6CF6-4CBE-BB51-91ED82BC0ED8}.Demonstration|Mixed Platforms.ActiveCfg = Demonstration|Any CPU
		{158782BB-6CF6-4CBE-BB51-91ED82BC0ED8}.Demonstration|Mixed Platforms.Build.0 = Demonstration|Any CPU
		{158782BB-6CF6-4CBE-BB51-91ED82BC0ED8}.Demonstration|x64.ActiveCfg = Demonstration|x64
		{158782BB-6CF6-4CBE-BB51-91ED82BC0ED8}.Demonstration|x64.Build.0 = Demonstration|x64
		{158782BB-6CF6-4CBE-BB51-91ED82BC0ED8}.Demonstration|x86.ActiveCfg = Demonstration|x86
		{158782BB-6CF6-4CBE-BB51-91ED82BC0ED8}.Demonstration|x86.Build.0 = Demonstration|x86
		{158782BB-6CF6-4CBE-BB51-91ED82BC0ED8}.Evaluation|Any CPU.ActiveCfg = Evaluation|Any CPU
		{158782BB-6CF6-4CBE-BB51-91ED82BC0ED8}.Evaluation|Any CPU.Build.0 = Evaluation|Any CPU
		{158782BB-6CF6-4CBE-BB51-91ED82BC0ED8}.Evaluation|Mixed Platforms.ActiveCfg = Evaluation|Any CPU
		{158782BB-6CF6-4CBE-BB51-91ED82BC0ED8}.Evaluation|Mixed Platforms.Build.0 = Evaluation|Any CPU
		{158782BB-6CF6-4CBE-BB51-91ED82BC0ED8}.Evaluation|x64.ActiveCfg = Evaluation|x64
		{158782BB-6CF6-4CBE-BB51-91ED82BC0ED8}.Evaluation|x64.Build.0 = Evaluation|x64
		{158782BB-6CF6-4CBE-BB51-91ED82BC0ED8}.Evaluation|x86.ActiveCfg = Evaluation|x86
		{158782BB-6CF6-4CBE-BB51-91ED82BC0ED8}.Evaluation|x86.Build.0 = Evaluation|x86
		{158782BB-6CF6-4CBE-BB51-91ED82BC0ED8}.Release Demo|Any CPU.ActiveCfg = Release Demo|Any CPU
		{158782BB-6CF6-4CBE-BB51-91ED82BC0ED8}.Release Demo|Any CPU.Build.0 = Release Demo|Any CPU
		{158782BB-6CF6-4CBE-BB51-91ED82BC0ED8}.Release Demo|Mixed Platforms.ActiveCfg = Release Demo|Any CPU
		{158782BB-6CF6-4CBE-BB51-91ED82BC0ED8}.Release Demo|Mixed Platforms.Build.0 = Release Demo|Any CPU
		{158782BB-6CF6-4CBE-BB51-91ED82BC0ED8}.Release Demo|x64.ActiveCfg = Release Demo|x64
		{158782BB-6CF6-4CBE-BB51-91ED82BC0ED8}.Release Demo|x64.Build.0 = Release Demo|x64
		{158782BB-6CF6-4CBE-BB51-91ED82BC0ED8}.Release Demo|x86.ActiveCfg = Release Demo|x86
		{158782BB-6CF6-4CBE-BB51-91ED82BC0ED8}.Release Demo|x86.Build.0 = Release Demo|x86
		{158782BB-6CF6-4CBE-BB51-91ED82BC0ED8}.Release|Any CPU.ActiveCfg = Release|Any CPU
		{158782BB-6CF6-4CBE-BB51-91ED82BC0ED8}.Release|Any CPU.Build.0 = Release|Any CPU
		{158782BB-6CF6-4CBE-BB51-91ED82BC0ED8}.Release|Mixed Platforms.ActiveCfg = Release|Any CPU
		{158782BB-6CF6-4CBE-BB51-91ED82BC0ED8}.Release|Mixed Platforms.Build.0 = Release|Any CPU
		{158782BB-6CF6-4CBE-BB51-91ED82BC0ED8}.Release|x64.ActiveCfg = Release|x64
		{158782BB-6CF6-4CBE-BB51-91ED82BC0ED8}.Release|x64.Build.0 = Release|x64
		{158782BB-6CF6-4CBE-BB51-91ED82BC0ED8}.Release|x86.ActiveCfg = Release|x86
		{158782BB-6CF6-4CBE-BB51-91ED82BC0ED8}.Release|x86.Build.0 = Release|x86
		{0404F2B3-5EE8-45BE-91F5-8569DE1315C8}.Debug|Any CPU.ActiveCfg = Debug|Any CPU
		{0404F2B3-5EE8-45BE-91F5-8569DE1315C8}.Debug|Any CPU.Build.0 = Debug|Any CPU
		{0404F2B3-5EE8-45BE-91F5-8569DE1315C8}.Debug|Mixed Platforms.ActiveCfg = Debug|Any CPU
		{0404F2B3-5EE8-45BE-91F5-8569DE1315C8}.Debug|Mixed Platforms.Build.0 = Debug|Any CPU
		{0404F2B3-5EE8-45BE-91F5-8569DE1315C8}.Debug|x64.ActiveCfg = Debug|Any CPU
		{0404F2B3-5EE8-45BE-91F5-8569DE1315C8}.Debug|x86.ActiveCfg = Debug|Any CPU
		{0404F2B3-5EE8-45BE-91F5-8569DE1315C8}.Demonstration|Any CPU.ActiveCfg = Debug|Any CPU
		{0404F2B3-5EE8-45BE-91F5-8569DE1315C8}.Demonstration|Any CPU.Build.0 = Debug|Any CPU
		{0404F2B3-5EE8-45BE-91F5-8569DE1315C8}.Demonstration|Mixed Platforms.ActiveCfg = Debug|Any CPU
		{0404F2B3-5EE8-45BE-91F5-8569DE1315C8}.Demonstration|Mixed Platforms.Build.0 = Debug|Any CPU
		{0404F2B3-5EE8-45BE-91F5-8569DE1315C8}.Demonstration|x64.ActiveCfg = Debug|Any CPU
		{0404F2B3-5EE8-45BE-91F5-8569DE1315C8}.Demonstration|x86.ActiveCfg = Debug|Any CPU
		{0404F2B3-5EE8-45BE-91F5-8569DE1315C8}.Evaluation|Any CPU.ActiveCfg = Release|Any CPU
		{0404F2B3-5EE8-45BE-91F5-8569DE1315C8}.Evaluation|Any CPU.Build.0 = Release|Any CPU
		{0404F2B3-5EE8-45BE-91F5-8569DE1315C8}.Evaluation|Mixed Platforms.ActiveCfg = Release|Any CPU
		{0404F2B3-5EE8-45BE-91F5-8569DE1315C8}.Evaluation|Mixed Platforms.Build.0 = Release|Any CPU
		{0404F2B3-5EE8-45BE-91F5-8569DE1315C8}.Evaluation|x64.ActiveCfg = Release|Any CPU
		{0404F2B3-5EE8-45BE-91F5-8569DE1315C8}.Evaluation|x86.ActiveCfg = Release|Any CPU
		{0404F2B3-5EE8-45BE-91F5-8569DE1315C8}.Release Demo|Any CPU.ActiveCfg = Release Demo|Any CPU
		{0404F2B3-5EE8-45BE-91F5-8569DE1315C8}.Release Demo|Any CPU.Build.0 = Release Demo|Any CPU
		{0404F2B3-5EE8-45BE-91F5-8569DE1315C8}.Release Demo|Mixed Platforms.ActiveCfg = Release|Any CPU
		{0404F2B3-5EE8-45BE-91F5-8569DE1315C8}.Release Demo|Mixed Platforms.Build.0 = Release|Any CPU
		{0404F2B3-5EE8-45BE-91F5-8569DE1315C8}.Release Demo|x64.ActiveCfg = Release|Any CPU
		{0404F2B3-5EE8-45BE-91F5-8569DE1315C8}.Release Demo|x86.ActiveCfg = Release|Any CPU
		{0404F2B3-5EE8-45BE-91F5-8569DE1315C8}.Release|Any CPU.ActiveCfg = Release|Any CPU
		{0404F2B3-5EE8-45BE-91F5-8569DE1315C8}.Release|Any CPU.Build.0 = Release|Any CPU
		{0404F2B3-5EE8-45BE-91F5-8569DE1315C8}.Release|Mixed Platforms.ActiveCfg = Release|Any CPU
		{0404F2B3-5EE8-45BE-91F5-8569DE1315C8}.Release|Mixed Platforms.Build.0 = Release|Any CPU
		{0404F2B3-5EE8-45BE-91F5-8569DE1315C8}.Release|x64.ActiveCfg = Release|Any CPU
		{0404F2B3-5EE8-45BE-91F5-8569DE1315C8}.Release|x86.ActiveCfg = Release|Any CPU
		{A31C79A5-9B89-48FD-9A48-63D1789EF129}.Debug|Any CPU.ActiveCfg = Debug|Any CPU
		{A31C79A5-9B89-48FD-9A48-63D1789EF129}.Debug|Any CPU.Build.0 = Debug|Any CPU
		{A31C79A5-9B89-48FD-9A48-63D1789EF129}.Debug|Mixed Platforms.ActiveCfg = Debug|Any CPU
		{A31C79A5-9B89-48FD-9A48-63D1789EF129}.Debug|Mixed Platforms.Build.0 = Debug|Any CPU
		{A31C79A5-9B89-48FD-9A48-63D1789EF129}.Debug|x64.ActiveCfg = Debug|Any CPU
		{A31C79A5-9B89-48FD-9A48-63D1789EF129}.Debug|x86.ActiveCfg = Debug|Any CPU
		{A31C79A5-9B89-48FD-9A48-63D1789EF129}.Demonstration|Any CPU.ActiveCfg = Demonstration|Any CPU
		{A31C79A5-9B89-48FD-9A48-63D1789EF129}.Demonstration|Any CPU.Build.0 = Demonstration|Any CPU
		{A31C79A5-9B89-48FD-9A48-63D1789EF129}.Demonstration|Mixed Platforms.ActiveCfg = Demonstration|Any CPU
		{A31C79A5-9B89-48FD-9A48-63D1789EF129}.Demonstration|Mixed Platforms.Build.0 = Demonstration|Any CPU
		{A31C79A5-9B89-48FD-9A48-63D1789EF129}.Demonstration|x64.ActiveCfg = Demonstration|Any CPU
		{A31C79A5-9B89-48FD-9A48-63D1789EF129}.Demonstration|x86.ActiveCfg = Demonstration|Any CPU
		{A31C79A5-9B89-48FD-9A48-63D1789EF129}.Evaluation|Any CPU.ActiveCfg = Evaluation|Any CPU
		{A31C79A5-9B89-48FD-9A48-63D1789EF129}.Evaluation|Any CPU.Build.0 = Evaluation|Any CPU
		{A31C79A5-9B89-48FD-9A48-63D1789EF129}.Evaluation|Mixed Platforms.ActiveCfg = Evaluation|Any CPU
		{A31C79A5-9B89-48FD-9A48-63D1789EF129}.Evaluation|Mixed Platforms.Build.0 = Evaluation|Any CPU
		{A31C79A5-9B89-48FD-9A48-63D1789EF129}.Evaluation|x64.ActiveCfg = Evaluation|Any CPU
		{A31C79A5-9B89-48FD-9A48-63D1789EF129}.Evaluation|x86.ActiveCfg = Evaluation|Any CPU
		{A31C79A5-9B89-48FD-9A48-63D1789EF129}.Release Demo|Any CPU.ActiveCfg = Release Demo|Any CPU
		{A31C79A5-9B89-48FD-9A48-63D1789EF129}.Release Demo|Any CPU.Build.0 = Release Demo|Any CPU
		{A31C79A5-9B89-48FD-9A48-63D1789EF129}.Release Demo|Mixed Platforms.ActiveCfg = Release|Any CPU
		{A31C79A5-9B89-48FD-9A48-63D1789EF129}.Release Demo|Mixed Platforms.Build.0 = Release|Any CPU
		{A31C79A5-9B89-48FD-9A48-63D1789EF129}.Release Demo|x64.ActiveCfg = Release|Any CPU
		{A31C79A5-9B89-48FD-9A48-63D1789EF129}.Release Demo|x86.ActiveCfg = Release|Any CPU
		{A31C79A5-9B89-48FD-9A48-63D1789EF129}.Release|Any CPU.ActiveCfg = Release|Any CPU
		{A31C79A5-9B89-48FD-9A48-63D1789EF129}.Release|Any CPU.Build.0 = Release|Any CPU
		{A31C79A5-9B89-48FD-9A48-63D1789EF129}.Release|Mixed Platforms.ActiveCfg = Release|Any CPU
		{A31C79A5-9B89-48FD-9A48-63D1789EF129}.Release|Mixed Platforms.Build.0 = Release|Any CPU
		{A31C79A5-9B89-48FD-9A48-63D1789EF129}.Release|x64.ActiveCfg = Release|Any CPU
		{A31C79A5-9B89-48FD-9A48-63D1789EF129}.Release|x86.ActiveCfg = Release|Any CPU
		{BFADF86A-8A63-4EBF-A794-EC07DB453B34}.Debug|Any CPU.ActiveCfg = Debug|Any CPU
		{BFADF86A-8A63-4EBF-A794-EC07DB453B34}.Debug|Any CPU.Build.0 = Debug|Any CPU
		{BFADF86A-8A63-4EBF-A794-EC07DB453B34}.Debug|Mixed Platforms.ActiveCfg = Debug|Any CPU
		{BFADF86A-8A63-4EBF-A794-EC07DB453B34}.Debug|Mixed Platforms.Build.0 = Debug|Any CPU
		{BFADF86A-8A63-4EBF-A794-EC07DB453B34}.Debug|x64.ActiveCfg = Debug|Any CPU
		{BFADF86A-8A63-4EBF-A794-EC07DB453B34}.Debug|x86.ActiveCfg = Debug|Any CPU
		{BFADF86A-8A63-4EBF-A794-EC07DB453B34}.Demonstration|Any CPU.ActiveCfg = Debug|Any CPU
		{BFADF86A-8A63-4EBF-A794-EC07DB453B34}.Demonstration|Any CPU.Build.0 = Debug|Any CPU
		{BFADF86A-8A63-4EBF-A794-EC07DB453B34}.Demonstration|Mixed Platforms.ActiveCfg = Debug|Any CPU
		{BFADF86A-8A63-4EBF-A794-EC07DB453B34}.Demonstration|Mixed Platforms.Build.0 = Debug|Any CPU
		{BFADF86A-8A63-4EBF-A794-EC07DB453B34}.Demonstration|x64.ActiveCfg = Debug|Any CPU
		{BFADF86A-8A63-4EBF-A794-EC07DB453B34}.Demonstration|x86.ActiveCfg = Debug|Any CPU
		{BFADF86A-8A63-4EBF-A794-EC07DB453B34}.Evaluation|Any CPU.ActiveCfg = Release|Any CPU
		{BFADF86A-8A63-4EBF-A794-EC07DB453B34}.Evaluation|Any CPU.Build.0 = Release|Any CPU
		{BFADF86A-8A63-4EBF-A794-EC07DB453B34}.Evaluation|Mixed Platforms.ActiveCfg = Release|Any CPU
		{BFADF86A-8A63-4EBF-A794-EC07DB453B34}.Evaluation|Mixed Platforms.Build.0 = Release|Any CPU
		{BFADF86A-8A63-4EBF-A794-EC07DB453B34}.Evaluation|x64.ActiveCfg = Release|Any CPU
		{BFADF86A-8A63-4EBF-A794-EC07DB453B34}.Evaluation|x86.ActiveCfg = Release|Any CPU
		{BFADF86A-8A63-4EBF-A794-EC07DB453B34}.Release Demo|Any CPU.ActiveCfg = Release Demo|Any CPU
		{BFADF86A-8A63-4EBF-A794-EC07DB453B34}.Release Demo|Any CPU.Build.0 = Release Demo|Any CPU
		{BFADF86A-8A63-4EBF-A794-EC07DB453B34}.Release Demo|Mixed Platforms.ActiveCfg = Release|Any CPU
		{BFADF86A-8A63-4EBF-A794-EC07DB453B34}.Release Demo|Mixed Platforms.Build.0 = Release|Any CPU
		{BFADF86A-8A63-4EBF-A794-EC07DB453B34}.Release Demo|x64.ActiveCfg = Release|Any CPU
		{BFADF86A-8A63-4EBF-A794-EC07DB453B34}.Release Demo|x86.ActiveCfg = Release|Any CPU
		{BFADF86A-8A63-4EBF-A794-EC07DB453B34}.Release|Any CPU.ActiveCfg = Release|Any CPU
		{BFADF86A-8A63-4EBF-A794-EC07DB453B34}.Release|Any CPU.Build.0 = Release|Any CPU
		{BFADF86A-8A63-4EBF-A794-EC07DB453B34}.Release|Mixed Platforms.ActiveCfg = Release|Any CPU
		{BFADF86A-8A63-4EBF-A794-EC07DB453B34}.Release|Mixed Platforms.Build.0 = Release|Any CPU
		{BFADF86A-8A63-4EBF-A794-EC07DB453B34}.Release|x64.ActiveCfg = Release|Any CPU
		{BFADF86A-8A63-4EBF-A794-EC07DB453B34}.Release|x86.ActiveCfg = Release|Any CPU
	EndGlobalSection
	GlobalSection(SolutionProperties) = preSolution
		HideSolutionNode = FALSE
	EndGlobalSection
	GlobalSection(NestedProjects) = preSolution
		{11CC9DD7-90D9-4263-BA53-58B417B73124} = {805DA105-FD91-4213-9399-ABF427E1CAED}
		{C03C21A8-D95E-4CFC-B152-380249A997E7} = {805DA105-FD91-4213-9399-ABF427E1CAED}
		{653C3C65-62BE-41EC-9CE6-555979895FAF} = {11CC9DD7-90D9-4263-BA53-58B417B73124}
		{E27BEC5F-EB28-4502-A284-1135E8EC14BA} = {11CC9DD7-90D9-4263-BA53-58B417B73124}
		{1A78E4D9-C100-4058-8DD7-07A6E230C2C2} = {C03C21A8-D95E-4CFC-B152-380249A997E7}
	EndGlobalSection
EndGlobal
