
Microsoft Visual Studio Solution File, Format Version 11.00
# Visual Studio 2010
Project("{FAE04EC0-301F-11D3-BF4B-00C04F79EFBC}") = "License Generator", "License Generator\License Generator.csproj", "{570E09B4-44C4-493E-A887-5C80607142DC}"
EndProject
Project("{FAE04EC0-301F-11D3-BF4B-00C04F79EFBC}") = "Data Model", "Data Model\Data Model.csproj", "{78080C7E-0A8F-4D7E-A1E7-5CAED20A74E8}"
EndProject
Project("{54435603-DBB4-11D2-8724-00A0C9A8B90C}") = "Setup", "Setup\Setup.vdproj", "{DA3E4DA4-BD15-44DD-B477-0B33F7C52568}"
EndProject
Project("{FAE04EC0-301F-11D3-BF4B-00C04F79EFBC}") = "Teraque", "..\Teraque\Teraque.csproj", "{158782BB-6CF6-4CBE-BB51-91ED82BC0ED8}"
EndProject
Project("{FAE04EC0-301F-11D3-BF4B-00C04F79EFBC}") = "Teraque.PresentationFramework", "..\Teraque.PresentationFramework\Teraque.PresentationFramework.csproj", "{0404F2B3-5EE8-45BE-91F5-8569DE1315C8}"
EndProject
Project("{FAE04EC0-301F-11D3-BF4B-00C04F79EFBC}") = "License Book", "License Book\License Book.csproj", "{55FF3B56-A322-43BC-ABAF-FE90B63D3FF8}"
EndProject
Global
	GlobalSection(TeamFoundationVersionControl) = preSolution
		SccNumberOfProjects = 7
		SccEnterpriseProvider = {4CA58AB2-18FA-4F8D-95D4-32DDF27D184C}
		SccTeamFoundationServer = http://viola:8080/tfs/defaultcollection
		SccProjectUniqueName0 = ..\\Teraque\\Teraque.csproj
		SccProjectName0 = ../Teraque
		SccLocalPath0 = ..\\Teraque
		SccProjectUniqueName1 = ..\\Teraque.PresentationFramework\\Teraque.PresentationFramework.csproj
		SccProjectName1 = ../Teraque.PresentationFramework
		SccLocalPath1 = ..\\Teraque.PresentationFramework
		SccLocalPath2 = .
		SccProjectUniqueName3 = License\u0020Generator\\License\u0020Generator.csproj
		SccProjectName3 = License\u0020Generator
		SccLocalPath3 = License\u0020Generator
		SccProjectUniqueName4 = Data\u0020Model\\Data\u0020Model.csproj
		SccProjectName4 = Data\u0020Model
		SccLocalPath4 = Data\u0020Model
		SccProjectUniqueName5 = Setup\\Setup.vdproj
		SccProjectName5 = Setup
		SccLocalPath5 = Setup
		SccProjectUniqueName6 = License\u0020Book\\License\u0020Book.csproj
		SccProjectName6 = License\u0020Book
		SccLocalPath6 = License\u0020Book
	EndGlobalSection
	GlobalSection(SolutionConfigurationPlatforms) = preSolution
		Debug|Any CPU = Debug|Any CPU
		Debug|Mixed Platforms = Debug|Mixed Platforms
		Debug|x64 = Debug|x64
		Debug|x86 = Debug|x86
		Demonstration|Any CPU = Demonstration|Any CPU
		Demonstration|Mixed Platforms = Demonstration|Mixed Platforms
		Demonstration|x64 = Demonstration|x64
		Demonstration|x86 = Demonstration|x86
		Evaluation|Any CPU = Evaluation|Any CPU
		Evaluation|Mixed Platforms = Evaluation|Mixed Platforms
		Evaluation|x64 = Evaluation|x64
		Evaluation|x86 = Evaluation|x86
		Release Demo|Any CPU = Release Demo|Any CPU
		Release Demo|Mixed Platforms = Release Demo|Mixed Platforms
		Release Demo|x64 = Release Demo|x64
		Release Demo|x86 = Release Demo|x86
		Release|Any CPU = Release|Any CPU
		Release|Mixed Platforms = Release|Mixed Platforms
		Release|x64 = Release|x64
		Release|x86 = Release|x86
	EndGlobalSection
	GlobalSection(ProjectConfigurationPlatforms) = postSolution
		{570E09B4-44C4-493E-A887-5C80607142DC}.Debug|Any CPU.ActiveCfg = Debug|Any CPU
		{570E09B4-44C4-493E-A887-5C80607142DC}.Debug|Any CPU.Build.0 = Debug|Any CPU
		{570E09B4-44C4-493E-A887-5C80607142DC}.Debug|Mixed Platforms.ActiveCfg = Debug|Any CPU
		{570E09B4-44C4-493E-A887-5C80607142DC}.Debug|Mixed Platforms.Build.0 = Debug|Any CPU
		{570E09B4-44C4-493E-A887-5C80607142DC}.Debug|x64.ActiveCfg = Debug|Any CPU
		{570E09B4-44C4-493E-A887-5C80607142DC}.Debug|x86.ActiveCfg = Debug|Any CPU
		{570E09B4-44C4-493E-A887-5C80607142DC}.Demonstration|Any CPU.ActiveCfg = Debug|Any CPU
		{570E09B4-44C4-493E-A887-5C80607142DC}.Demonstration|Any CPU.Build.0 = Debug|Any CPU
		{570E09B4-44C4-493E-A887-5C80607142DC}.Demonstration|Mixed Platforms.ActiveCfg = Debug|Any CPU
		{570E09B4-44C4-493E-A887-5C80607142DC}.Demonstration|Mixed Platforms.Build.0 = Debug|Any CPU
		{570E09B4-44C4-493E-A887-5C80607142DC}.Demonstration|x64.ActiveCfg = Debug|Any CPU
		{570E09B4-44C4-493E-A887-5C80607142DC}.Demonstration|x86.ActiveCfg = Debug|Any CPU
		{570E09B4-44C4-493E-A887-5C80607142DC}.Evaluation|Any CPU.ActiveCfg = Release|Any CPU
		{570E09B4-44C4-493E-A887-5C80607142DC}.Evaluation|Any CPU.Build.0 = Release|Any CPU
		{570E09B4-44C4-493E-A887-5C80607142DC}.Evaluation|Mixed Platforms.ActiveCfg = Release|Any CPU
		{570E09B4-44C4-493E-A887-5C80607142DC}.Evaluation|Mixed Platforms.Build.0 = Release|Any CPU
		{570E09B4-44C4-493E-A887-5C80607142DC}.Evaluation|x64.ActiveCfg = Release|Any CPU
		{570E09B4-44C4-493E-A887-5C80607142DC}.Evaluation|x86.ActiveCfg = Release|Any CPU
		{570E09B4-44C4-493E-A887-5C80607142DC}.Release Demo|Any CPU.ActiveCfg = Release|Any CPU
		{570E09B4-44C4-493E-A887-5C80607142DC}.Release Demo|Any CPU.Build.0 = Release|Any CPU
		{570E09B4-44C4-493E-A887-5C80607142DC}.Release Demo|Mixed Platforms.ActiveCfg = Release|Any CPU
		{570E09B4-44C4-493E-A887-5C80607142DC}.Release Demo|Mixed Platforms.Build.0 = Release|Any CPU
		{570E09B4-44C4-493E-A887-5C80607142DC}.Release Demo|x64.ActiveCfg = Release|Any CPU
		{570E09B4-44C4-493E-A887-5C80607142DC}.Release Demo|x86.ActiveCfg = Release|Any CPU
		{570E09B4-44C4-493E-A887-5C80607142DC}.Release|Any CPU.ActiveCfg = Release|Any CPU
		{570E09B4-44C4-493E-A887-5C80607142DC}.Release|Any CPU.Build.0 = Release|Any CPU
		{570E09B4-44C4-493E-A887-5C80607142DC}.Release|Mixed Platforms.ActiveCfg = Release|Any CPU
		{570E09B4-44C4-493E-A887-5C80607142DC}.Release|Mixed Platforms.Build.0 = Release|Any CPU
		{570E09B4-44C4-493E-A887-5C80607142DC}.Release|x64.ActiveCfg = Release|Any CPU
		{570E09B4-44C4-493E-A887-5C80607142DC}.Release|x86.ActiveCfg = Release|Any CPU
		{78080C7E-0A8F-4D7E-A1E7-5CAED20A74E8}.Debug|Any CPU.ActiveCfg = Debug|Any CPU
		{78080C7E-0A8F-4D7E-A1E7-5CAED20A74E8}.Debug|Any CPU.Build.0 = Debug|Any CPU
		{78080C7E-0A8F-4D7E-A1E7-5CAED20A74E8}.Debug|Mixed Platforms.ActiveCfg = Debug|Any CPU
		{78080C7E-0A8F-4D7E-A1E7-5CAED20A74E8}.Debug|Mixed Platforms.Build.0 = Debug|Any CPU
		{78080C7E-0A8F-4D7E-A1E7-5CAED20A74E8}.Debug|x64.ActiveCfg = Debug|Any CPU
		{78080C7E-0A8F-4D7E-A1E7-5CAED20A74E8}.Debug|x86.ActiveCfg = Debug|Any CPU
		{78080C7E-0A8F-4D7E-A1E7-5CAED20A74E8}.Demonstration|Any CPU.ActiveCfg = Debug|Any CPU
		{78080C7E-0A8F-4D7E-A1E7-5CAED20A74E8}.Demonstration|Any CPU.Build.0 = Debug|Any CPU
		{78080C7E-0A8F-4D7E-A1E7-5CAED20A74E8}.Demonstration|Mixed Platforms.ActiveCfg = Debug|Any CPU
		{78080C7E-0A8F-4D7E-A1E7-5CAED20A74E8}.Demonstration|Mixed Platforms.Build.0 = Debug|Any CPU
		{78080C7E-0A8F-4D7E-A1E7-5CAED20A74E8}.Demonstration|x64.ActiveCfg = Debug|Any CPU
		{78080C7E-0A8F-4D7E-A1E7-5CAED20A74E8}.Demonstration|x86.ActiveCfg = Debug|Any CPU
		{78080C7E-0A8F-4D7E-A1E7-5CAED20A74E8}.Evaluation|Any CPU.ActiveCfg = Release|Any CPU
		{78080C7E-0A8F-4D7E-A1E7-5CAED20A74E8}.Evaluation|Any CPU.Build.0 = Release|Any CPU
		{78080C7E-0A8F-4D7E-A1E7-5CAED20A74E8}.Evaluation|Mixed Platforms.ActiveCfg = Release|Any CPU
		{78080C7E-0A8F-4D7E-A1E7-5CAED20A74E8}.Evaluation|Mixed Platforms.Build.0 = Release|Any CPU
		{78080C7E-0A8F-4D7E-A1E7-5CAED20A74E8}.Evaluation|x64.ActiveCfg = Release|Any CPU
		{78080C7E-0A8F-4D7E-A1E7-5CAED20A74E8}.Evaluation|x86.ActiveCfg = Release|Any CPU
		{78080C7E-0A8F-4D7E-A1E7-5CAED20A74E8}.Release Demo|Any CPU.ActiveCfg = Release|Any CPU
		{78080C7E-0A8F-4D7E-A1E7-5CAED20A74E8}.Release Demo|Any CPU.Build.0 = Release|Any CPU
		{78080C7E-0A8F-4D7E-A1E7-5CAED20A74E8}.Release Demo|Mixed Platforms.ActiveCfg = Release|Any CPU
		{78080C7E-0A8F-4D7E-A1E7-5CAED20A74E8}.Release Demo|Mixed Platforms.Build.0 = Release|Any CPU
		{78080C7E-0A8F-4D7E-A1E7-5CAED20A74E8}.Release Demo|x64.ActiveCfg = Release|Any CPU
		{78080C7E-0A8F-4D7E-A1E7-5CAED20A74E8}.Release Demo|x86.ActiveCfg = Release|Any CPU
		{78080C7E-0A8F-4D7E-A1E7-5CAED20A74E8}.Release|Any CPU.ActiveCfg = Release|Any CPU
		{78080C7E-0A8F-4D7E-A1E7-5CAED20A74E8}.Release|Any CPU.Build.0 = Release|Any CPU
		{78080C7E-0A8F-4D7E-A1E7-5CAED20A74E8}.Release|Mixed Platforms.ActiveCfg = Release|Any CPU
		{78080C7E-0A8F-4D7E-A1E7-5CAED20A74E8}.Release|Mixed Platforms.Build.0 = Release|Any CPU
		{78080C7E-0A8F-4D7E-A1E7-5CAED20A74E8}.Release|x64.ActiveCfg = Release|Any CPU
		{78080C7E-0A8F-4D7E-A1E7-5CAED20A74E8}.Release|x86.ActiveCfg = Release|Any CPU
		{DA3E4DA4-BD15-44DD-B477-0B33F7C52568}.Debug|Any CPU.ActiveCfg = Debug
		{DA3E4DA4-BD15-44DD-B477-0B33F7C52568}.Debug|Mixed Platforms.ActiveCfg = Debug
		{DA3E4DA4-BD15-44DD-B477-0B33F7C52568}.Debug|x64.ActiveCfg = Debug
		{DA3E4DA4-BD15-44DD-B477-0B33F7C52568}.Debug|x86.ActiveCfg = Debug
		{DA3E4DA4-BD15-44DD-B477-0B33F7C52568}.Demonstration|Any CPU.ActiveCfg = Debug
		{DA3E4DA4-BD15-44DD-B477-0B33F7C52568}.Demonstration|Any CPU.Build.0 = Debug
		{DA3E4DA4-BD15-44DD-B477-0B33F7C52568}.Demonstration|Mixed Platforms.ActiveCfg = Debug
		{DA3E4DA4-BD15-44DD-B477-0B33F7C52568}.Demonstration|Mixed Platforms.Build.0 = Debug
		{DA3E4DA4-BD15-44DD-B477-0B33F7C52568}.Demonstration|x64.ActiveCfg = Debug
		{DA3E4DA4-BD15-44DD-B477-0B33F7C52568}.Demonstration|x64.Build.0 = Debug
		{DA3E4DA4-BD15-44DD-B477-0B33F7C52568}.Demonstration|x86.ActiveCfg = Debug
		{DA3E4DA4-BD15-44DD-B477-0B33F7C52568}.Demonstration|x86.Build.0 = Debug
		{DA3E4DA4-BD15-44DD-B477-0B33F7C52568}.Evaluation|Any CPU.ActiveCfg = Release
		{DA3E4DA4-BD15-44DD-B477-0B33F7C52568}.Evaluation|Any CPU.Build.0 = Release
		{DA3E4DA4-BD15-44DD-B477-0B33F7C52568}.Evaluation|Mixed Platforms.ActiveCfg = Release
		{DA3E4DA4-BD15-44DD-B477-0B33F7C52568}.Evaluation|Mixed Platforms.Build.0 = Release
		{DA3E4DA4-BD15-44DD-B477-0B33F7C52568}.Evaluation|x64.ActiveCfg = Release
		{DA3E4DA4-BD15-44DD-B477-0B33F7C52568}.Evaluation|x64.Build.0 = Release
		{DA3E4DA4-BD15-44DD-B477-0B33F7C52568}.Evaluation|x86.ActiveCfg = Release
		{DA3E4DA4-BD15-44DD-B477-0B33F7C52568}.Evaluation|x86.Build.0 = Release
		{DA3E4DA4-BD15-44DD-B477-0B33F7C52568}.Release Demo|Any CPU.ActiveCfg = Release
		{DA3E4DA4-BD15-44DD-B477-0B33F7C52568}.Release Demo|Any CPU.Build.0 = Release
		{DA3E4DA4-BD15-44DD-B477-0B33F7C52568}.Release Demo|Mixed Platforms.ActiveCfg = Release
		{DA3E4DA4-BD15-44DD-B477-0B33F7C52568}.Release Demo|Mixed Platforms.Build.0 = Release
		{DA3E4DA4-BD15-44DD-B477-0B33F7C52568}.Release Demo|x64.ActiveCfg = Release
		{DA3E4DA4-BD15-44DD-B477-0B33F7C52568}.Release Demo|x64.Build.0 = Release
		{DA3E4DA4-BD15-44DD-B477-0B33F7C52568}.Release Demo|x86.ActiveCfg = Release
		{DA3E4DA4-BD15-44DD-B477-0B33F7C52568}.Release Demo|x86.Build.0 = Release
		{DA3E4DA4-BD15-44DD-B477-0B33F7C52568}.Release|Any CPU.ActiveCfg = Release
		{DA3E4DA4-BD15-44DD-B477-0B33F7C52568}.Release|Mixed Platforms.ActiveCfg = Release
		{DA3E4DA4-BD15-44DD-B477-0B33F7C52568}.Release|x64.ActiveCfg = Release
		{DA3E4DA4-BD15-44DD-B477-0B33F7C52568}.Release|x86.ActiveCfg = Release
		{158782BB-6CF6-4CBE-BB51-91ED82BC0ED8}.Debug|Any CPU.ActiveCfg = Debug|Any CPU
		{158782BB-6CF6-4CBE-BB51-91ED82BC0ED8}.Debug|Any CPU.Build.0 = Debug|Any CPU
		{158782BB-6CF6-4CBE-BB51-91ED82BC0ED8}.Debug|Mixed Platforms.ActiveCfg = Debug|Any CPU
		{158782BB-6CF6-4CBE-BB51-91ED82BC0ED8}.Debug|Mixed Platforms.Build.0 = Debug|Any CPU
		{158782BB-6CF6-4CBE-BB51-91ED82BC0ED8}.Debug|x64.ActiveCfg = Debug|x64
		{158782BB-6CF6-4CBE-BB51-91ED82BC0ED8}.Debug|x64.Build.0 = Debug|x64
		{158782BB-6CF6-4CBE-BB51-91ED82BC0ED8}.Debug|x86.ActiveCfg = Debug|x86
		{158782BB-6CF6-4CBE-BB51-91ED82BC0ED8}.Debug|x86.Build.0 = Debug|x86
		{158782BB-6CF6-4CBE-BB51-91ED82BC0ED8}.Demonstration|Any CPU.ActiveCfg = Demonstration|Any CPU
		{158782BB-6CF6-4CBE-BB51-91ED82BC0ED8}.Demonstration|Any CPU.Build.0 = Demonstration|Any CPU
		{158782BB-6CF6-4CBE-BB51-91ED82BC0ED8}.Demonstration|Mixed Platforms.ActiveCfg = Demonstration|Any CPU
		{158782BB-6CF6-4CBE-BB51-91ED82BC0ED8}.Demonstration|Mixed Platforms.Build.0 = Demonstration|Any CPU
		{158782BB-6CF6-4CBE-BB51-91ED82BC0ED8}.Demonstration|x64.ActiveCfg = Demonstration|x64
		{158782BB-6CF6-4CBE-BB51-91ED82BC0ED8}.Demonstration|x64.Build.0 = Demonstration|x64
		{158782BB-6CF6-4CBE-BB51-91ED82BC0ED8}.Demonstration|x86.ActiveCfg = Demonstration|x86
		{158782BB-6CF6-4CBE-BB51-91ED82BC0ED8}.Demonstration|x86.Build.0 = Demonstration|x86
		{158782BB-6CF6-4CBE-BB51-91ED82BC0ED8}.Evaluation|Any CPU.ActiveCfg = Evaluation|Any CPU
		{158782BB-6CF6-4CBE-BB51-91ED82BC0ED8}.Evaluation|Any CPU.Build.0 = Evaluation|Any CPU
		{158782BB-6CF6-4CBE-BB51-91ED82BC0ED8}.Evaluation|Mixed Platforms.ActiveCfg = Evaluation|Any CPU
		{158782BB-6CF6-4CBE-BB51-91ED82BC0ED8}.Evaluation|Mixed Platforms.Build.0 = Evaluation|Any CPU
		{158782BB-6CF6-4CBE-BB51-91ED82BC0ED8}.Evaluation|x64.ActiveCfg = Evaluation|x64
		{158782BB-6CF6-4CBE-BB51-91ED82BC0ED8}.Evaluation|x64.Build.0 = Evaluation|x64
		{158782BB-6CF6-4CBE-BB51-91ED82BC0ED8}.Evaluation|x86.ActiveCfg = Evaluation|x86
		{158782BB-6CF6-4CBE-BB51-91ED82BC0ED8}.Evaluation|x86.Build.0 = Evaluation|x86
		{158782BB-6CF6-4CBE-BB51-91ED82BC0ED8}.Release Demo|Any CPU.ActiveCfg = Release Demo|Any CPU
		{158782BB-6CF6-4CBE-BB51-91ED82BC0ED8}.Release Demo|Any CPU.Build.0 = Release Demo|Any CPU
		{158782BB-6CF6-4CBE-BB51-91ED82BC0ED8}.Release Demo|Mixed Platforms.ActiveCfg = Release Demo|Any CPU
		{158782BB-6CF6-4CBE-BB51-91ED82BC0ED8}.Release Demo|Mixed Platforms.Build.0 = Release Demo|Any CPU
		{158782BB-6CF6-4CBE-BB51-91ED82BC0ED8}.Release Demo|x64.ActiveCfg = Release Demo|x64
		{158782BB-6CF6-4CBE-BB51-91ED82BC0ED8}.Release Demo|x64.Build.0 = Release Demo|x64
		{158782BB-6CF6-4CBE-BB51-91ED82BC0ED8}.Release Demo|x86.ActiveCfg = Release Demo|x86
		{158782BB-6CF6-4CBE-BB51-91ED82BC0ED8}.Release Demo|x86.Build.0 = Release Demo|x86
		{158782BB-6CF6-4CBE-BB51-91ED82BC0ED8}.Release|Any CPU.ActiveCfg = Release|Any CPU
		{158782BB-6CF6-4CBE-BB51-91ED82BC0ED8}.Release|Any CPU.Build.0 = Release|Any CPU
		{158782BB-6CF6-4CBE-BB51-91ED82BC0ED8}.Release|Mixed Platforms.ActiveCfg = Release|Any CPU
		{158782BB-6CF6-4CBE-BB51-91ED82BC0ED8}.Release|Mixed Platforms.Build.0 = Release|Any CPU
		{158782BB-6CF6-4CBE-BB51-91ED82BC0ED8}.Release|x64.ActiveCfg = Release|x64
		{158782BB-6CF6-4CBE-BB51-91ED82BC0ED8}.Release|x64.Build.0 = Release|x64
		{158782BB-6CF6-4CBE-BB51-91ED82BC0ED8}.Release|x86.ActiveCfg = Release|x86
		{158782BB-6CF6-4CBE-BB51-91ED82BC0ED8}.Release|x86.Build.0 = Release|x86
		{0404F2B3-5EE8-45BE-91F5-8569DE1315C8}.Debug|Any CPU.ActiveCfg = Debug|Any CPU
		{0404F2B3-5EE8-45BE-91F5-8569DE1315C8}.Debug|Any CPU.Build.0 = Debug|Any CPU
		{0404F2B3-5EE8-45BE-91F5-8569DE1315C8}.Debug|Mixed Platforms.ActiveCfg = Debug|Any CPU
		{0404F2B3-5EE8-45BE-91F5-8569DE1315C8}.Debug|Mixed Platforms.Build.0 = Debug|Any CPU
		{0404F2B3-5EE8-45BE-91F5-8569DE1315C8}.Debug|x64.ActiveCfg = Debug|Any CPU
		{0404F2B3-5EE8-45BE-91F5-8569DE1315C8}.Debug|x86.ActiveCfg = Debug|Any CPU
		{0404F2B3-5EE8-45BE-91F5-8569DE1315C8}.Demonstration|Any CPU.ActiveCfg = Debug|Any CPU
		{0404F2B3-5EE8-45BE-91F5-8569DE1315C8}.Demonstration|Any CPU.Build.0 = Debug|Any CPU
		{0404F2B3-5EE8-45BE-91F5-8569DE1315C8}.Demonstration|Mixed Platforms.ActiveCfg = Debug|Any CPU
		{0404F2B3-5EE8-45BE-91F5-8569DE1315C8}.Demonstration|Mixed Platforms.Build.0 = Debug|Any CPU
		{0404F2B3-5EE8-45BE-91F5-8569DE1315C8}.Demonstration|x64.ActiveCfg = Debug|Any CPU
		{0404F2B3-5EE8-45BE-91F5-8569DE1315C8}.Demonstration|x86.ActiveCfg = Debug|Any CPU
		{0404F2B3-5EE8-45BE-91F5-8569DE1315C8}.Evaluation|Any CPU.ActiveCfg = Release|Any CPU
		{0404F2B3-5EE8-45BE-91F5-8569DE1315C8}.Evaluation|Any CPU.Build.0 = Release|Any CPU
		{0404F2B3-5EE8-45BE-91F5-8569DE1315C8}.Evaluation|Mixed Platforms.ActiveCfg = Release|Any CPU
		{0404F2B3-5EE8-45BE-91F5-8569DE1315C8}.Evaluation|Mixed Platforms.Build.0 = Release|Any CPU
		{0404F2B3-5EE8-45BE-91F5-8569DE1315C8}.Evaluation|x64.ActiveCfg = Release|Any CPU
		{0404F2B3-5EE8-45BE-91F5-8569DE1315C8}.Evaluation|x86.ActiveCfg = Release|Any CPU
		{0404F2B3-5EE8-45BE-91F5-8569DE1315C8}.Release Demo|Any CPU.ActiveCfg = Release|Any CPU
		{0404F2B3-5EE8-45BE-91F5-8569DE1315C8}.Release Demo|Any CPU.Build.0 = Release|Any CPU
		{0404F2B3-5EE8-45BE-91F5-8569DE1315C8}.Release Demo|Mixed Platforms.ActiveCfg = Release|Any CPU
		{0404F2B3-5EE8-45BE-91F5-8569DE1315C8}.Release Demo|Mixed Platforms.Build.0 = Release|Any CPU
		{0404F2B3-5EE8-45BE-91F5-8569DE1315C8}.Release Demo|x64.ActiveCfg = Release|Any CPU
		{0404F2B3-5EE8-45BE-91F5-8569DE1315C8}.Release Demo|x86.ActiveCfg = Release|Any CPU
		{0404F2B3-5EE8-45BE-91F5-8569DE1315C8}.Release|Any CPU.ActiveCfg = Release|Any CPU
		{0404F2B3-5EE8-45BE-91F5-8569DE1315C8}.Release|Any CPU.Build.0 = Release|Any CPU
		{0404F2B3-5EE8-45BE-91F5-8569DE1315C8}.Release|Mixed Platforms.ActiveCfg = Release|Any CPU
		{0404F2B3-5EE8-45BE-91F5-8569DE1315C8}.Release|Mixed Platforms.Build.0 = Release|Any CPU
		{0404F2B3-5EE8-45BE-91F5-8569DE1315C8}.Release|x64.ActiveCfg = Release|Any CPU
		{0404F2B3-5EE8-45BE-91F5-8569DE1315C8}.Release|x86.ActiveCfg = Release|Any CPU
		{55FF3B56-A322-43BC-ABAF-FE90B63D3FF8}.Debug|Any CPU.ActiveCfg = Debug|Any CPU
		{55FF3B56-A322-43BC-ABAF-FE90B63D3FF8}.Debug|Any CPU.Build.0 = Debug|Any CPU
		{55FF3B56-A322-43BC-ABAF-FE90B63D3FF8}.Debug|Mixed Platforms.ActiveCfg = Debug|Any CPU
		{55FF3B56-A322-43BC-ABAF-FE90B63D3FF8}.Debug|Mixed Platforms.Build.0 = Debug|Any CPU
		{55FF3B56-A322-43BC-ABAF-FE90B63D3FF8}.Debug|x64.ActiveCfg = Debug|Any CPU
		{55FF3B56-A322-43BC-ABAF-FE90B63D3FF8}.Debug|x86.ActiveCfg = Debug|Any CPU
		{55FF3B56-A322-43BC-ABAF-FE90B63D3FF8}.Demonstration|Any CPU.ActiveCfg = Debug|Any CPU
		{55FF3B56-A322-43BC-ABAF-FE90B63D3FF8}.Demonstration|Any CPU.Build.0 = Debug|Any CPU
		{55FF3B56-A322-43BC-ABAF-FE90B63D3FF8}.Demonstration|Mixed Platforms.ActiveCfg = Debug|Any CPU
		{55FF3B56-A322-43BC-ABAF-FE90B63D3FF8}.Demonstration|Mixed Platforms.Build.0 = Debug|Any CPU
		{55FF3B56-A322-43BC-ABAF-FE90B63D3FF8}.Demonstration|x64.ActiveCfg = Debug|Any CPU
		{55FF3B56-A322-43BC-ABAF-FE90B63D3FF8}.Demonstration|x86.ActiveCfg = Debug|Any CPU
		{55FF3B56-A322-43BC-ABAF-FE90B63D3FF8}.Evaluation|Any CPU.ActiveCfg = Release|Any CPU
		{55FF3B56-A322-43BC-ABAF-FE90B63D3FF8}.Evaluation|Any CPU.Build.0 = Release|Any CPU
		{55FF3B56-A322-43BC-ABAF-FE90B63D3FF8}.Evaluation|Mixed Platforms.ActiveCfg = Release|Any CPU
		{55FF3B56-A322-43BC-ABAF-FE90B63D3FF8}.Evaluation|Mixed Platforms.Build.0 = Release|Any CPU
		{55FF3B56-A322-43BC-ABAF-FE90B63D3FF8}.Evaluation|x64.ActiveCfg = Release|Any CPU
		{55FF3B56-A322-43BC-ABAF-FE90B63D3FF8}.Evaluation|x86.ActiveCfg = Release|Any CPU
		{55FF3B56-A322-43BC-ABAF-FE90B63D3FF8}.Release Demo|Any CPU.ActiveCfg = Release|Any CPU
		{55FF3B56-A322-43BC-ABAF-FE90B63D3FF8}.Release Demo|Any CPU.Build.0 = Release|Any CPU
		{55FF3B56-A322-43BC-ABAF-FE90B63D3FF8}.Release Demo|Mixed Platforms.ActiveCfg = Release|Any CPU
		{55FF3B56-A322-43BC-ABAF-FE90B63D3FF8}.Release Demo|Mixed Platforms.Build.0 = Release|Any CPU
		{55FF3B56-A322-43BC-ABAF-FE90B63D3FF8}.Release Demo|x64.ActiveCfg = Release|Any CPU
		{55FF3B56-A322-43BC-ABAF-FE90B63D3FF8}.Release Demo|x86.ActiveCfg = Release|Any CPU
		{55FF3B56-A322-43BC-ABAF-FE90B63D3FF8}.Release|Any CPU.ActiveCfg = Release|Any CPU
		{55FF3B56-A322-43BC-ABAF-FE90B63D3FF8}.Release|Any CPU.Build.0 = Release|Any CPU
		{55FF3B56-A322-43BC-ABAF-FE90B63D3FF8}.Release|Mixed Platforms.ActiveCfg = Release|Any CPU
		{55FF3B56-A322-43BC-ABAF-FE90B63D3FF8}.Release|Mixed Platforms.Build.0 = Release|Any CPU
		{55FF3B56-A322-43BC-ABAF-FE90B63D3FF8}.Release|x64.ActiveCfg = Release|Any CPU
		{55FF3B56-A322-43BC-ABAF-FE90B63D3FF8}.Release|x86.ActiveCfg = Release|Any CPU
	EndGlobalSection
	GlobalSection(SolutionProperties) = preSolution
		HideSolutionNode = FALSE
	EndGlobalSection
EndGlobal
