
Microsoft Visual Studio Solution File, Format Version 12.00
# Visual Studio 15
VisualStudioVersion = 15.0.26730.12
MinimumVisualStudioVersion = 10.0.40219.1
Project("{2150E333-8FDC-42A3-9474-1A3956D46DE8}") = "Solution Items", "Solution Items", "{A2F583FD-8ABF-4185-9F1B-641713D3CA7A}"
	ProjectSection(SolutionItems) = preProject
		Aspose.Words.dll = Aspose.Words.dll
		Create Certificates.ps1 = Create Certificates.ps1
		Create Users.ps1 = Create Users.ps1
		Load Libraries.ps1 = Load Libraries.ps1
		Open Firewall.ps1 = Open Firewall.ps1
		Unload Libraries.ps1 = Unload Libraries.ps1
	EndProjectSection
EndProject
Project("{FAE04EC0-301F-11D3-BF4B-00C04F79EFBC}") = "Web Service Host", "..\Web Service Host\Web Service Host.csproj", "{A13DC6DC-276A-424B-8F52-B591880B44FB}"
EndProject
Project("{FAE04EC0-301F-11D3-BF4B-00C04F79EFBC}") = "Teraque.AssetNetwork", "..\Teraque.AssetNetwork\Teraque.AssetNetwork.csproj", "{3160E4F0-B199-4B8E-B206-71582E7E7041}"
EndProject
Project("{FAE04EC0-301F-11D3-BF4B-00C04F79EFBC}") = "Teraque.Message", "..\..\Teraque.Message\Teraque.Message.csproj", "{FE639B3B-DA4B-46B0-94DB-F5BC157301C4}"
EndProject
Project("{FAE04EC0-301F-11D3-BF4B-00C04F79EFBC}") = "Teraque", "..\..\Teraque\Teraque.csproj", "{158782BB-6CF6-4CBE-BB51-91ED82BC0ED8}"
EndProject
Project("{FAE04EC0-301F-11D3-BF4B-00C04F79EFBC}") = "Teraque.AssetNetwork.ServerDataModel", "..\Teraque.AssetNetwork.ServerDataModel\Teraque.AssetNetwork.ServerDataModel.csproj", "{B39206BB-6ABF-4B3B-9C86-3F4A68EA91BB}"
EndProject
Project("{00D1A9C2-B5F0-4AF3-8072-F6C62B433612}") = "Database", "..\Database\Database.sqlproj", "{30421722-C849-44D5-AFE0-824B4B0C3ACD}"
EndProject
Project("{FAE04EC0-301F-11D3-BF4B-00C04F79EFBC}") = "Teraque.Server", "..\..\Teraque.Server\Teraque.Server.csproj", "{C5FD375F-B640-424D-BD14-04644746A516}"
EndProject
Project("{FAE04EC0-301F-11D3-BF4B-00C04F79EFBC}") = "Teraque.AsssetNetwork.WebService", "..\Teraque.AssetNetwork.WebService\Teraque.AsssetNetwork.WebService.csproj", "{96B95C8C-7EE0-4ADE-8FFC-FFED395E07FB}"
EndProject
Project("{FAE04EC0-301F-11D3-BF4B-00C04F79EFBC}") = "Teraque.AssetNetwork.MarketEngine", "..\Teraque.AssetNetwork.MarketEngine\Teraque.AssetNetwork.MarketEngine.csproj", "{02BF35A8-81F7-43D8-A12E-F7CF7D469D84}"
EndProject
Project("{930C7802-8A8C-48F9-8165-68863BCCD9DD}") = "Setup x64", "Setup x64\Setup x64.wixproj", "{64F39C2D-961F-4869-B590-46D56C46048F}"
EndProject
Global
	GlobalSection(SolutionConfigurationPlatforms) = preSolution
		Debug|Any CPU = Debug|Any CPU
		Debug|x64 = Debug|x64
		Release|Any CPU = Release|Any CPU
		Release|x64 = Release|x64
	EndGlobalSection
	GlobalSection(ProjectConfigurationPlatforms) = postSolution
		{A13DC6DC-276A-424B-8F52-B591880B44FB}.Debug|Any CPU.ActiveCfg = Debug|Any CPU
		{A13DC6DC-276A-424B-8F52-B591880B44FB}.Debug|Any CPU.Build.0 = Debug|Any CPU
		{A13DC6DC-276A-424B-8F52-B591880B44FB}.Debug|x64.ActiveCfg = Debug|Any CPU
		{A13DC6DC-276A-424B-8F52-B591880B44FB}.Release|Any CPU.ActiveCfg = Release|Any CPU
		{A13DC6DC-276A-424B-8F52-B591880B44FB}.Release|Any CPU.Build.0 = Release|Any CPU
		{A13DC6DC-276A-424B-8F52-B591880B44FB}.Release|x64.ActiveCfg = Release|Any CPU
		{3160E4F0-B199-4B8E-B206-71582E7E7041}.Debug|Any CPU.ActiveCfg = Debug|Any CPU
		{3160E4F0-B199-4B8E-B206-71582E7E7041}.Debug|Any CPU.Build.0 = Debug|Any CPU
		{3160E4F0-B199-4B8E-B206-71582E7E7041}.Debug|x64.ActiveCfg = Debug|Any CPU
		{3160E4F0-B199-4B8E-B206-71582E7E7041}.Release|Any CPU.ActiveCfg = Release|Any CPU
		{3160E4F0-B199-4B8E-B206-71582E7E7041}.Release|Any CPU.Build.0 = Release|Any CPU
		{3160E4F0-B199-4B8E-B206-71582E7E7041}.Release|x64.ActiveCfg = Release|Any CPU
		{FE639B3B-DA4B-46B0-94DB-F5BC157301C4}.Debug|Any CPU.ActiveCfg = Debug|Any CPU
		{FE639B3B-DA4B-46B0-94DB-F5BC157301C4}.Debug|Any CPU.Build.0 = Debug|Any CPU
		{FE639B3B-DA4B-46B0-94DB-F5BC157301C4}.Debug|x64.ActiveCfg = Debug|Any CPU
		{FE639B3B-DA4B-46B0-94DB-F5BC157301C4}.Release|Any CPU.ActiveCfg = Release|Any CPU
		{FE639B3B-DA4B-46B0-94DB-F5BC157301C4}.Release|Any CPU.Build.0 = Release|Any CPU
		{FE639B3B-DA4B-46B0-94DB-F5BC157301C4}.Release|x64.ActiveCfg = Release|Any CPU
		{158782BB-6CF6-4CBE-BB51-91ED82BC0ED8}.Debug|Any CPU.ActiveCfg = Debug|Any CPU
		{158782BB-6CF6-4CBE-BB51-91ED82BC0ED8}.Debug|Any CPU.Build.0 = Debug|Any CPU
		{158782BB-6CF6-4CBE-BB51-91ED82BC0ED8}.Debug|x64.ActiveCfg = Debug|Any CPU
		{158782BB-6CF6-4CBE-BB51-91ED82BC0ED8}.Release|Any CPU.ActiveCfg = Release|Any CPU
		{158782BB-6CF6-4CBE-BB51-91ED82BC0ED8}.Release|Any CPU.Build.0 = Release|Any CPU
		{158782BB-6CF6-4CBE-BB51-91ED82BC0ED8}.Release|x64.ActiveCfg = Release|Any CPU
		{B39206BB-6ABF-4B3B-9C86-3F4A68EA91BB}.Debug|Any CPU.ActiveCfg = Debug|Any CPU
		{B39206BB-6ABF-4B3B-9C86-3F4A68EA91BB}.Debug|Any CPU.Build.0 = Debug|Any CPU
		{B39206BB-6ABF-4B3B-9C86-3F4A68EA91BB}.Debug|x64.ActiveCfg = Debug|Any CPU
		{B39206BB-6ABF-4B3B-9C86-3F4A68EA91BB}.Release|Any CPU.ActiveCfg = Release|Any CPU
		{B39206BB-6ABF-4B3B-9C86-3F4A68EA91BB}.Release|Any CPU.Build.0 = Release|Any CPU
		{B39206BB-6ABF-4B3B-9C86-3F4A68EA91BB}.Release|x64.ActiveCfg = Release|Any CPU
		{30421722-C849-44D5-AFE0-824B4B0C3ACD}.Debug|Any CPU.ActiveCfg = Debug|Any CPU
		{30421722-C849-44D5-AFE0-824B4B0C3ACD}.Debug|Any CPU.Build.0 = Debug|Any CPU
		{30421722-C849-44D5-AFE0-824B4B0C3ACD}.Debug|x64.ActiveCfg = Debug|Any CPU
		{30421722-C849-44D5-AFE0-824B4B0C3ACD}.Release|Any CPU.ActiveCfg = Release|Any CPU
		{30421722-C849-44D5-AFE0-824B4B0C3ACD}.Release|Any CPU.Build.0 = Release|Any CPU
		{30421722-C849-44D5-AFE0-824B4B0C3ACD}.Release|Any CPU.Deploy.0 = Release|Any CPU
		{30421722-C849-44D5-AFE0-824B4B0C3ACD}.Release|x64.ActiveCfg = Release|Any CPU
		{C5FD375F-B640-424D-BD14-04644746A516}.Debug|Any CPU.ActiveCfg = Debug|Any CPU
		{C5FD375F-B640-424D-BD14-04644746A516}.Debug|Any CPU.Build.0 = Debug|Any CPU
		{C5FD375F-B640-424D-BD14-04644746A516}.Debug|x64.ActiveCfg = Debug|Any CPU
		{C5FD375F-B640-424D-BD14-04644746A516}.Release|Any CPU.ActiveCfg = Release|Any CPU
		{C5FD375F-B640-424D-BD14-04644746A516}.Release|Any CPU.Build.0 = Release|Any CPU
		{C5FD375F-B640-424D-BD14-04644746A516}.Release|x64.ActiveCfg = Release|Any CPU
		{96B95C8C-7EE0-4ADE-8FFC-FFED395E07FB}.Debug|Any CPU.ActiveCfg = Debug|Any CPU
		{96B95C8C-7EE0-4ADE-8FFC-FFED395E07FB}.Debug|Any CPU.Build.0 = Debug|Any CPU
		{96B95C8C-7EE0-4ADE-8FFC-FFED395E07FB}.Debug|x64.ActiveCfg = Debug|Any CPU
		{96B95C8C-7EE0-4ADE-8FFC-FFED395E07FB}.Release|Any CPU.ActiveCfg = Release|Any CPU
		{96B95C8C-7EE0-4ADE-8FFC-FFED395E07FB}.Release|Any CPU.Build.0 = Release|Any CPU
		{96B95C8C-7EE0-4ADE-8FFC-FFED395E07FB}.Release|x64.ActiveCfg = Release|Any CPU
		{02BF35A8-81F7-43D8-A12E-F7CF7D469D84}.Debug|Any CPU.ActiveCfg = Debug|Any CPU
		{02BF35A8-81F7-43D8-A12E-F7CF7D469D84}.Debug|Any CPU.Build.0 = Debug|Any CPU
		{02BF35A8-81F7-43D8-A12E-F7CF7D469D84}.Debug|x64.ActiveCfg = Debug|Any CPU
		{02BF35A8-81F7-43D8-A12E-F7CF7D469D84}.Release|Any CPU.ActiveCfg = Release|Any CPU
		{02BF35A8-81F7-43D8-A12E-F7CF7D469D84}.Release|Any CPU.Build.0 = Release|Any CPU
		{02BF35A8-81F7-43D8-A12E-F7CF7D469D84}.Release|x64.ActiveCfg = Release|Any CPU
		{64F39C2D-961F-4869-B590-46D56C46048F}.Debug|Any CPU.ActiveCfg = Debug|x64
		{64F39C2D-961F-4869-B590-46D56C46048F}.Debug|x64.ActiveCfg = Debug|x64
		{64F39C2D-961F-4869-B590-46D56C46048F}.Debug|x64.Build.0 = Debug|x64
		{64F39C2D-961F-4869-B590-46D56C46048F}.Release|Any CPU.ActiveCfg = Release|x64
		{64F39C2D-961F-4869-B590-46D56C46048F}.Release|Any CPU.Build.0 = Release|x64
		{64F39C2D-961F-4869-B590-46D56C46048F}.Release|x64.ActiveCfg = Release|x64
		{64F39C2D-961F-4869-B590-46D56C46048F}.Release|x64.Build.0 = Release|x64
	EndGlobalSection
	GlobalSection(SolutionProperties) = preSolution
		HideSolutionNode = FALSE
	EndGlobalSection
	GlobalSection(ExtensibilityGlobals) = postSolution
		SolutionGuid = {E3F04D55-5DF1-49CC-BD51-0C457FFB5204}
	EndGlobalSection
EndGlobal
